{
  "name": "midi-chords-gen",
  "version": "0.5.0",
  "lockfileVersion": 2,
  "requires": true,
  "packages": {
    "": {
      "name": "midi-chords-gen",
      "version": "0.5.0",
      "license": "MIT",
      "dependencies": {
        "@tonaljs/tonal": "^4.10.0",
        "fs-extra": "^11.1.0",
        "midi-writer-js": "^2.1.4",
        "ts-node": "^10.9.1"
      },
      "devDependencies": {
        "@types/fs-extra": "^11.0.1",
        "typescript": "^4.9.5"
      }
    },
    "node_modules/@cspotcode/source-map-support": {
      "version": "0.8.1",
      "resolved": "https://registry.npmjs.org/@cspotcode/source-map-support/-/source-map-support-0.8.1.tgz",
      "integrity": "sha512-IchNf6dN4tHoMFIn/7OE8LWZ19Y6q/67Bmf6vnGREv8RSbBVb9LPJxEcnwrcwX6ixSvaiGoomAUvu4YSxXrVgw==",
      "dependencies": {
        "@jridgewell/trace-mapping": "0.3.9"
      },
      "engines": {
        "node": ">=12"
      }
    },
    "node_modules/@jridgewell/resolve-uri": {
      "version": "3.1.0",
      "resolved": "https://registry.npmjs.org/@jridgewell/resolve-uri/-/resolve-uri-3.1.0.tgz",
      "integrity": "sha512-F2msla3tad+Mfht5cJq7LSXcdudKTWCVYUgw6pLFOOHSTtZlj6SWNYAp+AhuqLmWdBO2X5hPrLcu8cVP8fy28w==",
      "engines": {
        "node": ">=6.0.0"
      }
    },
    "node_modules/@jridgewell/sourcemap-codec": {
      "version": "1.4.14",
      "resolved": "https://registry.npmjs.org/@jridgewell/sourcemap-codec/-/sourcemap-codec-1.4.14.tgz",
      "integrity": "sha512-XPSJHWmi394fuUuzDnGz1wiKqWfo1yXecHQMRf2l6hztTO+nPru658AyDngaBe7isIxEkRsPR3FZh+s7iVa4Uw=="
    },
    "node_modules/@jridgewell/trace-mapping": {
      "version": "0.3.9",
      "resolved": "https://registry.npmjs.org/@jridgewell/trace-mapping/-/trace-mapping-0.3.9.tgz",
      "integrity": "sha512-3Belt6tdc8bPgAtbcmdtNJlirVoTmEb5e2gC94PnkwEW9jI6CAHUeoG85tjWP5WquqfavoMtMwiG4P926ZKKuQ==",
      "dependencies": {
        "@jridgewell/resolve-uri": "^3.0.3",
        "@jridgewell/sourcemap-codec": "^1.4.10"
      }
    },
    "node_modules/@tonaljs/abc-notation": {
      "version": "4.8.0",
      "resolved": "https://registry.npmjs.org/@tonaljs/abc-notation/-/abc-notation-4.8.0.tgz",
      "integrity": "sha512-JggT/DW4rMxu+q1WkeACrg52is3acp9zaW4LJmCheFi3CmLa63sy7/6mgKnlScTOvcpAyTcSytu0VbQHRXyBDA==",
      "dependencies": {
        "@tonaljs/core": "^4.8.0"
      }
    },
    "node_modules/@tonaljs/array": {
      "version": "4.8.0",
      "resolved": "https://registry.npmjs.org/@tonaljs/array/-/array-4.8.0.tgz",
      "integrity": "sha512-lWCUBRUVWtDV0kl/fjOgICRWzBYWZdJEk1h0vVzpuPaXW6Yz3JfjyKPtLbzYTkgSr1PqcjxVGNwxilz9c2NNkQ==",
      "dependencies": {
        "@tonaljs/core": "^4.8.0"
      }
    },
    "node_modules/@tonaljs/chord": {
      "version": "4.10.0",
      "resolved": "https://registry.npmjs.org/@tonaljs/chord/-/chord-4.10.0.tgz",
      "integrity": "sha512-PyR17WYtgk0Yi1KRPeK5dVKoCCBf+LA23pRndN9RFWUkQR/zuRgmTyXpS7JRfzNqDu4GLGVCzS37QUdHRD5FvA==",
      "dependencies": {
        "@tonaljs/chord-detect": "^4.8.0",
        "@tonaljs/chord-type": "^4.8.0",
        "@tonaljs/collection": "^4.8.0",
        "@tonaljs/core": "^4.10.0",
        "@tonaljs/pcset": "^4.8.0",
        "@tonaljs/scale-type": "^4.8.0"
      }
    },
    "node_modules/@tonaljs/chord-detect": {
      "version": "4.8.0",
      "resolved": "https://registry.npmjs.org/@tonaljs/chord-detect/-/chord-detect-4.8.0.tgz",
      "integrity": "sha512-rpBHS2FKitIIodWI32LszeUfpq0of+0zqnU3CBc2/2UiYoyO9PmSs8UjzupKTIX/mHxOxq0ncDheT/ItB7QdNg==",
      "dependencies": {
        "@tonaljs/chord-type": "^4.8.0",
        "@tonaljs/core": "^4.8.0",
        "@tonaljs/pcset": "^4.8.0"
      }
    },
    "node_modules/@tonaljs/chord-type": {
      "version": "4.8.0",
      "resolved": "https://registry.npmjs.org/@tonaljs/chord-type/-/chord-type-4.8.0.tgz",
      "integrity": "sha512-NQYvTziV5HiY+fuNWHB85ZFJgKFge3iBcmcJSDI4kguxSHqDDscM1fE+tb6q4mi6RKERtw3oeGWjV5ScL1UKWQ==",
      "dependencies": {
        "@tonaljs/core": "^4.8.0",
        "@tonaljs/pcset": "^4.8.0"
      }
    },
    "node_modules/@tonaljs/collection": {
      "version": "4.8.0",
      "resolved": "https://registry.npmjs.org/@tonaljs/collection/-/collection-4.8.0.tgz",
      "integrity": "sha512-NSnqUDqnCZajYGPH4+27y6UAflX+RrAZQdP9YNBuJoTFtdSDrqV3cJoPdr2DRpGCK3Nuzw1dU8DlGsyWwNwlmg=="
    },
    "node_modules/@tonaljs/core": {
      "version": "4.10.0",
      "resolved": "https://registry.npmjs.org/@tonaljs/core/-/core-4.10.0.tgz",
      "integrity": "sha512-+AH7NP9iiAGil+X7NlKGlQvls/KByQmxR51d5O+y6IjHltOkVUXk74oZuxW7zF0IsKchFn8Okr0sxqFmgsQmpA=="
    },
    "node_modules/@tonaljs/duration-value": {
      "version": "4.8.0",
      "resolved": "https://registry.npmjs.org/@tonaljs/duration-value/-/duration-value-4.8.0.tgz",
      "integrity": "sha512-ewWVKtYCzNkSNaFoEn6NqL5vCmHTqoN+qngoUG2Sy2ZvGCk1pwx3ckJVUkJmYrkxP4PbQASPgJi0y+0fjgVJug=="
    },
    "node_modules/@tonaljs/interval": {
      "version": "4.8.0",
      "resolved": "https://registry.npmjs.org/@tonaljs/interval/-/interval-4.8.0.tgz",
      "integrity": "sha512-R+1OvqRS0lFqzmzorbL0cwqZLVRnDw2kmwNtgF17A2vqcZI9aDDH/XELPLLUcZ7ykeIu4X9t/v+yTwREj+nUrA==",
      "dependencies": {
        "@tonaljs/core": "^4.8.0"
      }
    },
    "node_modules/@tonaljs/key": {
      "version": "4.9.1",
      "resolved": "https://registry.npmjs.org/@tonaljs/key/-/key-4.9.1.tgz",
      "integrity": "sha512-WL/8raLnrcv6qpBog0HNp16/ifleeapZjU2PVTnIJ2DhuVgqtI8ccCyZHAURFdMmwYmn1Gf1VnvUAmG7RmqHJg==",
      "dependencies": {
        "@tonaljs/core": "^4.8.0",
        "@tonaljs/note": "^4.8.0",
        "@tonaljs/roman-numeral": "^4.8.0"
      }
    },
    "node_modules/@tonaljs/midi": {
      "version": "4.9.0",
      "resolved": "https://registry.npmjs.org/@tonaljs/midi/-/midi-4.9.0.tgz",
      "integrity": "sha512-zi6lK2OC2EA8E1Nl011erWAZgOSlrfstJMgnrbm4/nLDegotg5ALbMnfX/s+SIfSSFcXn/Og1d8xwPeAwoaUyg==",
      "dependencies": {
        "@tonaljs/core": "^4.8.0"
      }
    },
    "node_modules/@tonaljs/mode": {
      "version": "4.8.0",
      "resolved": "https://registry.npmjs.org/@tonaljs/mode/-/mode-4.8.0.tgz",
      "integrity": "sha512-hyaj2RWcnA7h6+jzc074JzE8GFFYg2FaRxXJHLBIYXXlqrLnudnSHOAfHUNRySQKEMR6h4oIerf9LW6+z9sPjQ==",
      "dependencies": {
        "@tonaljs/collection": "^4.8.0",
        "@tonaljs/core": "^4.8.0",
        "@tonaljs/interval": "^4.8.0",
        "@tonaljs/pcset": "^4.8.0",
        "@tonaljs/scale-type": "^4.8.0"
      }
    },
    "node_modules/@tonaljs/note": {
      "version": "4.10.0",
      "resolved": "https://registry.npmjs.org/@tonaljs/note/-/note-4.10.0.tgz",
      "integrity": "sha512-jWyxk9Dom+vsucj3dWG9z4j6WhZqbY7gkKsS14fHeo7g8qUZTVZFsr8ulpHyLPXN3EhLwHDU7CxIQ1klkPE33A==",
      "dependencies": {
        "@tonaljs/core": "^4.9.0",
        "@tonaljs/midi": "^4.8.0"
      }
    },
    "node_modules/@tonaljs/pcset": {
      "version": "4.8.1",
      "resolved": "https://registry.npmjs.org/@tonaljs/pcset/-/pcset-4.8.1.tgz",
      "integrity": "sha512-Ir+xHQHBqhSlOEeIMsPwz6A9MRdeKYajKFFwhnGLzU42HcHfe0MKyttzVO+iSIenLtiYk5TyW9ADdo6y85sJeA==",
      "dependencies": {
        "@tonaljs/collection": "^4.8.0",
        "@tonaljs/core": "^4.8.0"
      }
    },
    "node_modules/@tonaljs/progression": {
      "version": "4.8.0",
      "resolved": "https://registry.npmjs.org/@tonaljs/progression/-/progression-4.8.0.tgz",
      "integrity": "sha512-JS5xDox5pN3rRAIIC7ACumGmSwMpIRPvQpUePTmfQS0YMjFofzXeAjH/7WZN0328VK4vk8OAWu5N18pVxqJqQw==",
      "dependencies": {
        "@tonaljs/chord": "^4.8.0",
        "@tonaljs/core": "^4.8.0",
        "@tonaljs/roman-numeral": "^4.8.0"
      }
    },
    "node_modules/@tonaljs/range": {
      "version": "4.8.1",
      "resolved": "https://registry.npmjs.org/@tonaljs/range/-/range-4.8.1.tgz",
      "integrity": "sha512-UAyHBPh1SfqOo2w/BA6Rji3Sl1V0z/ggoE9+gS5aig13qUaVM8B3p2eanEgrxsRTN+yARPSE83CiWWbVqLKzWA==",
      "dependencies": {
        "@tonaljs/collection": "^4.8.0",
        "@tonaljs/midi": "^4.8.0"
      }
    },
    "node_modules/@tonaljs/roman-numeral": {
      "version": "4.8.0",
      "resolved": "https://registry.npmjs.org/@tonaljs/roman-numeral/-/roman-numeral-4.8.0.tgz",
      "integrity": "sha512-jktwfGXcs4qp5A0jy5pyWxgYkeGDcaldV9tiv7XnNR5yLwDm0D6S9rRlNlSo3n0wyDo3+Kh80hd3Mps+Gsf81w==",
      "dependencies": {
        "@tonaljs/core": "^4.8.0"
      }
    },
    "node_modules/@tonaljs/scale": {
      "version": "4.12.0",
      "resolved": "https://registry.npmjs.org/@tonaljs/scale/-/scale-4.12.0.tgz",
      "integrity": "sha512-1XxGoNqOFRgHWtpGH1Ery/AObnlnHp8+Yxe2FSE7J1BzUFej1XpJJyRvR4sOFVGr603xze+9IOXVgGTADcy/IQ==",
      "dependencies": {
        "@tonaljs/chord-type": "^4.8.0",
        "@tonaljs/collection": "^4.8.0",
        "@tonaljs/core": "^4.10.0",
        "@tonaljs/note": "^4.10.0",
        "@tonaljs/pcset": "^4.8.1",
        "@tonaljs/scale-type": "^4.8.1"
      }
    },
    "node_modules/@tonaljs/scale-type": {
      "version": "4.8.1",
      "resolved": "https://registry.npmjs.org/@tonaljs/scale-type/-/scale-type-4.8.1.tgz",
      "integrity": "sha512-XlSCFnEmiv7olj8mQBnQOBP9l1CtKFju3BqIILvLCacc6nrWSfSOSi8Y08FujSdvnU6i2fJmK/AYqlqFNoR1rA==",
      "dependencies": {
        "@tonaljs/core": "^4.8.0",
        "@tonaljs/pcset": "^4.8.1"
      }
    },
    "node_modules/@tonaljs/time-signature": {
      "version": "4.8.0",
      "resolved": "https://registry.npmjs.org/@tonaljs/time-signature/-/time-signature-4.8.0.tgz",
      "integrity": "sha512-ES5WoBC3aA5qQcVxh3GUc/Z1XAlnul/PCdlYrmTNAAJ4hgv4H5WHu15fWk7xRcCC6LZz6chfQNbSIXl9sNRdZQ=="
    },
    "node_modules/@tonaljs/tonal": {
      "version": "4.10.0",
      "resolved": "https://registry.npmjs.org/@tonaljs/tonal/-/tonal-4.10.0.tgz",
      "integrity": "sha512-F2T9Fiy+j0MVped89kCrX1XF68mQOLUnny4pDOHrIf+OkrjtLQOzzaSOrX1tx0o72WUwQm1knz6D1d57b9X1HA==",
      "dependencies": {
        "@tonaljs/abc-notation": "^4.8.0",
        "@tonaljs/array": "^4.8.0",
        "@tonaljs/chord": "^4.8.0",
        "@tonaljs/chord-type": "^4.8.0",
        "@tonaljs/collection": "^4.8.0",
        "@tonaljs/core": "^4.8.0",
        "@tonaljs/duration-value": "^4.8.0",
        "@tonaljs/interval": "^4.8.0",
        "@tonaljs/key": "^4.9.0",
        "@tonaljs/midi": "^4.8.0",
        "@tonaljs/mode": "^4.8.0",
        "@tonaljs/note": "^4.9.0",
        "@tonaljs/pcset": "^4.8.0",
        "@tonaljs/progression": "^4.8.0",
        "@tonaljs/range": "^4.8.0",
        "@tonaljs/roman-numeral": "^4.8.0",
        "@tonaljs/scale": "^4.9.0",
        "@tonaljs/scale-type": "^4.8.0",
        "@tonaljs/time-signature": "^4.8.0"
      }
    },
    "node_modules/@tsconfig/node10": {
      "version": "1.0.9",
      "resolved": "https://registry.npmjs.org/@tsconfig/node10/-/node10-1.0.9.tgz",
      "integrity": "sha512-jNsYVVxU8v5g43Erja32laIDHXeoNvFEpX33OK4d6hljo3jDhCBDhx5dhCCTMWUojscpAagGiRkBKxpdl9fxqA=="
    },
    "node_modules/@tsconfig/node12": {
      "version": "1.0.11",
      "resolved": "https://registry.npmjs.org/@tsconfig/node12/-/node12-1.0.11.tgz",
      "integrity": "sha512-cqefuRsh12pWyGsIoBKJA9luFu3mRxCA+ORZvA4ktLSzIuCUtWVxGIuXigEwO5/ywWFMZ2QEGKWvkZG1zDMTag=="
    },
    "node_modules/@tsconfig/node14": {
      "version": "1.0.3",
      "resolved": "https://registry.npmjs.org/@tsconfig/node14/-/node14-1.0.3.tgz",
      "integrity": "sha512-ysT8mhdixWK6Hw3i1V2AeRqZ5WfXg1G43mqoYlM2nc6388Fq5jcXyr5mRsqViLx/GJYdoL0bfXD8nmF+Zn/Iow=="
    },
    "node_modules/@tsconfig/node16": {
      "version": "1.0.3",
      "resolved": "https://registry.npmjs.org/@tsconfig/node16/-/node16-1.0.3.tgz",
      "integrity": "sha512-yOlFc+7UtL/89t2ZhjPvvB/DeAr3r+Dq58IgzsFkOAvVC6NMJXmCGjbptdXdR9qsX7pKcTL+s87FtYREi2dEEQ=="
    },
    "node_modules/@types/fs-extra": {
      "version": "11.0.1",
      "resolved": "https://registry.npmjs.org/@types/fs-extra/-/fs-extra-11.0.1.tgz",
      "integrity": "sha512-MxObHvNl4A69ofaTRU8DFqvgzzv8s9yRtaPPm5gud9HDNvpB3GPQFvNuTWAI59B9huVGV5jXYJwbCsmBsOGYWA==",
      "dev": true,
      "dependencies": {
        "@types/jsonfile": "*",
        "@types/node": "*"
      }
    },
    "node_modules/@types/jsonfile": {
      "version": "6.1.1",
      "resolved": "https://registry.npmjs.org/@types/jsonfile/-/jsonfile-6.1.1.tgz",
      "integrity": "sha512-GSgiRCVeapDN+3pqA35IkQwasaCh/0YFH5dEF6S88iDvEn901DjOeH3/QPY+XYP1DFzDZPvIvfeEgk+7br5png==",
      "dev": true,
      "dependencies": {
        "@types/node": "*"
      }
    },
    "node_modules/@types/node": {
      "version": "18.6.4",
      "resolved": "https://registry.npmjs.org/@types/node/-/node-18.6.4.tgz",
      "integrity": "sha512-I4BD3L+6AWiUobfxZ49DlU43gtI+FTHSv9pE2Zekg6KjMpre4ByusaljW3vYSLJrvQ1ck1hUaeVu8HVlY3vzHg=="
    },
    "node_modules/acorn": {
      "version": "8.8.0",
      "resolved": "https://registry.npmjs.org/acorn/-/acorn-8.8.0.tgz",
      "integrity": "sha512-QOxyigPVrpZ2GXT+PFyZTl6TtOFc5egxHIP9IlQ+RbupQuX4RkT/Bee4/kQuC02Xkzg84JcT7oLYtDIQxp+v7w==",
      "bin": {
        "acorn": "bin/acorn"
      },
      "engines": {
        "node": ">=0.4.0"
      }
    },
    "node_modules/acorn-walk": {
      "version": "8.2.0",
      "resolved": "https://registry.npmjs.org/acorn-walk/-/acorn-walk-8.2.0.tgz",
      "integrity": "sha512-k+iyHEuPgSw6SbuDpGQM+06HQUa04DZ3o+F6CSzXMvvI5KMvnaEqXe+YVe555R9nn6GPt404fos4wcgpw12SDA==",
      "engines": {
        "node": ">=0.4.0"
      }
    },
    "node_modules/arg": {
      "version": "4.1.3",
      "resolved": "https://registry.npmjs.org/arg/-/arg-4.1.3.tgz",
      "integrity": "sha512-58S9QDqG0Xx27YwPSt9fJxivjYl432YCwfDMfZ+71RAqUrZef7LrKQZ3LHLOwCS4FLNBplP533Zx895SeOCHvA=="
    },
    "node_modules/create-require": {
      "version": "1.1.1",
      "resolved": "https://registry.npmjs.org/create-require/-/create-require-1.1.1.tgz",
      "integrity": "sha512-dcKFX3jn0MpIaXjisoRvexIJVEKzaq7z2rZKxf+MSr9TkdmHmsU4m2lcLojrj/FHl8mk5VxMmYA+ftRkP/3oKQ=="
    },
    "node_modules/diff": {
      "version": "4.0.2",
      "resolved": "https://registry.npmjs.org/diff/-/diff-4.0.2.tgz",
      "integrity": "sha512-58lmxKSA4BNyLz+HHMUzlOEpg09FV+ev6ZMe3vJihgdxzgcwZ8VoEEPmALCZG9LmqfVoNMMKpttIYTVG6uDY7A==",
      "engines": {
        "node": ">=0.3.1"
      }
    },
    "node_modules/fs-extra": {
      "version": "11.1.0",
      "resolved": "https://registry.npmjs.org/fs-extra/-/fs-extra-11.1.0.tgz",
      "integrity": "sha512-0rcTq621PD5jM/e0a3EJoGC/1TC5ZBCERW82LQuwfGnCa1V8w7dpYH1yNu+SLb6E5dkeCBzKEyLGlFrnr+dUyw==",
      "dependencies": {
        "graceful-fs": "^4.2.0",
        "jsonfile": "^6.0.1",
        "universalify": "^2.0.0"
      },
      "engines": {
        "node": ">=14.14"
      }
    },
    "node_modules/graceful-fs": {
      "version": "4.2.10",
      "resolved": "https://registry.npmjs.org/graceful-fs/-/graceful-fs-4.2.10.tgz",
      "integrity": "sha512-9ByhssR2fPVsNZj478qUUbKfmL0+t5BDVyjShtyZZLiK7ZDAArFFfopyOTj0M05wE2tJPisA4iTnnXl2YoPvOA=="
    },
    "node_modules/jsonfile": {
      "version": "6.1.0",
      "resolved": "https://registry.npmjs.org/jsonfile/-/jsonfile-6.1.0.tgz",
      "integrity": "sha512-5dgndWOriYSm5cnYaJNhalLNDKOqFwyDB/rr1E9ZsGciGvKPs8R2xYGCacuf3z6K1YKDz182fd+fY3cn3pMqXQ==",
      "dependencies": {
        "universalify": "^2.0.0"
      },
      "optionalDependencies": {
        "graceful-fs": "^4.1.6"
      }
    },
    "node_modules/make-error": {
      "version": "1.3.6",
      "resolved": "https://registry.npmjs.org/make-error/-/make-error-1.3.6.tgz",
      "integrity": "sha512-s8UhlNe7vPKomQhC1qFelMokr/Sc3AgNbso3n74mVPA5LTZwkB9NlXf4XPamLxJE8h0gh73rM94xvwRT2CVInw=="
    },
    "node_modules/midi-writer-js": {
      "version": "2.1.4",
      "resolved": "https://registry.npmjs.org/midi-writer-js/-/midi-writer-js-2.1.4.tgz",
      "integrity": "sha512-gpc7TBg4a6XaKfdWSEbFof3eKLBiBHD4dGHF6sh/LW+5eTwTRgcu5+03eeDHa8ZSti6e5trAhT3KYbdmJ7ddJg==",
      "hasInstallScript": true,
      "dependencies": {
        "tonal-midi": "^0.69.7"
      }
    },
    "node_modules/note-parser": {
      "version": "2.0.1",
      "resolved": "https://registry.npmjs.org/note-parser/-/note-parser-2.0.1.tgz",
      "integrity": "sha512-w9o6Fv46y3NsFxeezTZSmftBtUM/ypme6iZWVrTJvvsD5RN+w0XNDePWtfreNrZFL3jSjBFhadPoXb+pJO4UdA=="
    },
    "node_modules/tonal-midi": {
      "version": "0.69.7",
      "resolved": "https://registry.npmjs.org/tonal-midi/-/tonal-midi-0.69.7.tgz",
      "integrity": "sha512-AY3YIuIm54HqMxhQgYmKXjjoCN7f6Y4GsF975Ao2aM8LcvcONk8uocN4T/PQI9K6i8yTfkK8aNYNQJjU59Z7ug==",
      "dependencies": {
        "note-parser": "^2.0.1"
      }
    },
    "node_modules/ts-node": {
      "version": "10.9.1",
      "resolved": "https://registry.npmjs.org/ts-node/-/ts-node-10.9.1.tgz",
      "integrity": "sha512-NtVysVPkxxrwFGUUxGYhfux8k78pQB3JqYBXlLRZgdGUqTO5wU/UyHop5p70iEbGhB7q5KmiZiU0Y3KlJrScEw==",
      "dependencies": {
        "@cspotcode/source-map-support": "^0.8.0",
        "@tsconfig/node10": "^1.0.7",
        "@tsconfig/node12": "^1.0.7",
        "@tsconfig/node14": "^1.0.0",
        "@tsconfig/node16": "^1.0.2",
        "acorn": "^8.4.1",
        "acorn-walk": "^8.1.1",
        "arg": "^4.1.0",
        "create-require": "^1.1.0",
        "diff": "^4.0.1",
        "make-error": "^1.1.1",
        "v8-compile-cache-lib": "^3.0.1",
        "yn": "3.1.1"
      },
      "bin": {
        "ts-node": "dist/bin.js",
        "ts-node-cwd": "dist/bin-cwd.js",
        "ts-node-esm": "dist/bin-esm.js",
        "ts-node-script": "dist/bin-script.js",
        "ts-node-transpile-only": "dist/bin-transpile.js",
        "ts-script": "dist/bin-script-deprecated.js"
      },
      "peerDependencies": {
        "@swc/core": ">=1.2.50",
        "@swc/wasm": ">=1.2.50",
        "@types/node": "*",
        "typescript": ">=2.7"
      },
      "peerDependenciesMeta": {
        "@swc/core": {
          "optional": true
        },
        "@swc/wasm": {
          "optional": true
        }
      }
    },
    "node_modules/typescript": {
      "version": "4.9.5",
      "resolved": "https://registry.npmjs.org/typescript/-/typescript-4.9.5.tgz",
      "integrity": "sha512-1FXk9E2Hm+QzZQ7z+McJiHL4NW1F2EzMu9Nq9i3zAaGqibafqYwCVU6WyWAuyQRRzOlxou8xZSyXLEN8oKj24g==",
      "bin": {
        "tsc": "bin/tsc",
        "tsserver": "bin/tsserver"
      },
      "engines": {
        "node": ">=4.2.0"
      }
    },
    "node_modules/universalify": {
      "version": "2.0.0",
      "resolved": "https://registry.npmjs.org/universalify/-/universalify-2.0.0.tgz",
      "integrity": "sha512-hAZsKq7Yy11Zu1DE0OzWjw7nnLZmJZYTDZZyEFHZdUhV8FkH5MCfoU1XMaxXovpyW5nq5scPqq0ZDP9Zyl04oQ==",
      "engines": {
        "node": ">= 10.0.0"
      }
    },
    "node_modules/v8-compile-cache-lib": {
      "version": "3.0.1",
      "resolved": "https://registry.npmjs.org/v8-compile-cache-lib/-/v8-compile-cache-lib-3.0.1.tgz",
      "integrity": "sha512-wa7YjyUGfNZngI/vtK0UHAN+lgDCxBPCylVXGp0zu59Fz5aiGtNXaq3DhIov063MorB+VfufLh3JlF2KdTK3xg=="
    },
    "node_modules/yn": {
      "version": "3.1.1",
      "resolved": "https://registry.npmjs.org/yn/-/yn-3.1.1.tgz",
      "integrity": "sha512-Ux4ygGWsu2c7isFWe8Yu1YluJmqVhxqK2cLXNQA5AcC3QfbGNpM7fu0Y8b/z16pXLnFxZYvWhd3fhBY9DLmC6Q==",
      "engines": {
        "node": ">=6"
      }
    }
  },
  "dependencies": {
    "@cspotcode/source-map-support": {
      "version": "0.8.1",
      "resolved": "https://registry.npmjs.org/@cspotcode/source-map-support/-/source-map-support-0.8.1.tgz",
      "integrity": "sha512-IchNf6dN4tHoMFIn/7OE8LWZ19Y6q/67Bmf6vnGREv8RSbBVb9LPJxEcnwrcwX6ixSvaiGoomAUvu4YSxXrVgw==",
      "requires": {
        "@jridgewell/trace-mapping": "0.3.9"
      }
    },
    "@jridgewell/resolve-uri": {
      "version": "3.1.0",
      "resolved": "https://registry.npmjs.org/@jridgewell/resolve-uri/-/resolve-uri-3.1.0.tgz",
      "integrity": "sha512-F2msla3tad+Mfht5cJq7LSXcdudKTWCVYUgw6pLFOOHSTtZlj6SWNYAp+AhuqLmWdBO2X5hPrLcu8cVP8fy28w=="
    },
    "@jridgewell/sourcemap-codec": {
      "version": "1.4.14",
      "resolved": "https://registry.npmjs.org/@jridgewell/sourcemap-codec/-/sourcemap-codec-1.4.14.tgz",
      "integrity": "sha512-XPSJHWmi394fuUuzDnGz1wiKqWfo1yXecHQMRf2l6hztTO+nPru658AyDngaBe7isIxEkRsPR3FZh+s7iVa4Uw=="
    },
    "@jridgewell/trace-mapping": {
      "version": "0.3.9",
      "resolved": "https://registry.npmjs.org/@jridgewell/trace-mapping/-/trace-mapping-0.3.9.tgz",
      "integrity": "sha512-3Belt6tdc8bPgAtbcmdtNJlirVoTmEb5e2gC94PnkwEW9jI6CAHUeoG85tjWP5WquqfavoMtMwiG4P926ZKKuQ==",
      "requires": {
        "@jridgewell/resolve-uri": "^3.0.3",
        "@jridgewell/sourcemap-codec": "^1.4.10"
      }
    },
    "@tonaljs/abc-notation": {
      "version": "4.8.0",
      "resolved": "https://registry.npmjs.org/@tonaljs/abc-notation/-/abc-notation-4.8.0.tgz",
      "integrity": "sha512-JggT/DW4rMxu+q1WkeACrg52is3acp9zaW4LJmCheFi3CmLa63sy7/6mgKnlScTOvcpAyTcSytu0VbQHRXyBDA==",
      "requires": {
        "@tonaljs/core": "^4.8.0"
      }
    },
    "@tonaljs/array": {
      "version": "4.8.0",
      "resolved": "https://registry.npmjs.org/@tonaljs/array/-/array-4.8.0.tgz",
      "integrity": "sha512-lWCUBRUVWtDV0kl/fjOgICRWzBYWZdJEk1h0vVzpuPaXW6Yz3JfjyKPtLbzYTkgSr1PqcjxVGNwxilz9c2NNkQ==",
      "requires": {
        "@tonaljs/core": "^4.8.0"
      }
    },
    "@tonaljs/chord": {
      "version": "4.10.0",
      "resolved": "https://registry.npmjs.org/@tonaljs/chord/-/chord-4.10.0.tgz",
      "integrity": "sha512-PyR17WYtgk0Yi1KRPeK5dVKoCCBf+LA23pRndN9RFWUkQR/zuRgmTyXpS7JRfzNqDu4GLGVCzS37QUdHRD5FvA==",
      "requires": {
        "@tonaljs/chord-detect": "^4.8.0",
        "@tonaljs/chord-type": "^4.8.0",
        "@tonaljs/collection": "^4.8.0",
        "@tonaljs/core": "^4.10.0",
        "@tonaljs/pcset": "^4.8.0",
        "@tonaljs/scale-type": "^4.8.0"
      }
    },
    "@tonaljs/chord-detect": {
      "version": "4.8.0",
      "resolved": "https://registry.npmjs.org/@tonaljs/chord-detect/-/chord-detect-4.8.0.tgz",
      "integrity": "sha512-rpBHS2FKitIIodWI32LszeUfpq0of+0zqnU3CBc2/2UiYoyO9PmSs8UjzupKTIX/mHxOxq0ncDheT/ItB7QdNg==",
      "requires": {
        "@tonaljs/chord-type": "^4.8.0",
        "@tonaljs/core": "^4.8.0",
        "@tonaljs/pcset": "^4.8.0"
      }
    },
    "@tonaljs/chord-type": {
      "version": "4.8.0",
      "resolved": "https://registry.npmjs.org/@tonaljs/chord-type/-/chord-type-4.8.0.tgz",
      "integrity": "sha512-NQYvTziV5HiY+fuNWHB85ZFJgKFge3iBcmcJSDI4kguxSHqDDscM1fE+tb6q4mi6RKERtw3oeGWjV5ScL1UKWQ==",
      "requires": {
        "@tonaljs/core": "^4.8.0",
        "@tonaljs/pcset": "^4.8.0"
      }
    },
    "@tonaljs/collection": {
      "version": "4.8.0",
      "resolved": "https://registry.npmjs.org/@tonaljs/collection/-/collection-4.8.0.tgz",
      "integrity": "sha512-NSnqUDqnCZajYGPH4+27y6UAflX+RrAZQdP9YNBuJoTFtdSDrqV3cJoPdr2DRpGCK3Nuzw1dU8DlGsyWwNwlmg=="
    },
    "@tonaljs/core": {
      "version": "4.10.0",
      "resolved": "https://registry.npmjs.org/@tonaljs/core/-/core-4.10.0.tgz",
      "integrity": "sha512-+AH7NP9iiAGil+X7NlKGlQvls/KByQmxR51d5O+y6IjHltOkVUXk74oZuxW7zF0IsKchFn8Okr0sxqFmgsQmpA=="
    },
    "@tonaljs/duration-value": {
      "version": "4.8.0",
      "resolved": "https://registry.npmjs.org/@tonaljs/duration-value/-/duration-value-4.8.0.tgz",
      "integrity": "sha512-ewWVKtYCzNkSNaFoEn6NqL5vCmHTqoN+qngoUG2Sy2ZvGCk1pwx3ckJVUkJmYrkxP4PbQASPgJi0y+0fjgVJug=="
    },
    "@tonaljs/interval": {
      "version": "4.8.0",
      "resolved": "https://registry.npmjs.org/@tonaljs/interval/-/interval-4.8.0.tgz",
      "integrity": "sha512-R+1OvqRS0lFqzmzorbL0cwqZLVRnDw2kmwNtgF17A2vqcZI9aDDH/XELPLLUcZ7ykeIu4X9t/v+yTwREj+nUrA==",
      "requires": {
        "@tonaljs/core": "^4.8.0"
      }
    },
    "@tonaljs/key": {
      "version": "4.9.1",
      "resolved": "https://registry.npmjs.org/@tonaljs/key/-/key-4.9.1.tgz",
      "integrity": "sha512-WL/8raLnrcv6qpBog0HNp16/ifleeapZjU2PVTnIJ2DhuVgqtI8ccCyZHAURFdMmwYmn1Gf1VnvUAmG7RmqHJg==",
      "requires": {
        "@tonaljs/core": "^4.8.0",
        "@tonaljs/note": "^4.8.0",
        "@tonaljs/roman-numeral": "^4.8.0"
      }
    },
    "@tonaljs/midi": {
      "version": "4.9.0",
      "resolved": "https://registry.npmjs.org/@tonaljs/midi/-/midi-4.9.0.tgz",
      "integrity": "sha512-zi6lK2OC2EA8E1Nl011erWAZgOSlrfstJMgnrbm4/nLDegotg5ALbMnfX/s+SIfSSFcXn/Og1d8xwPeAwoaUyg==",
      "requires": {
        "@tonaljs/core": "^4.8.0"
      }
    },
    "@tonaljs/mode": {
      "version": "4.8.0",
      "resolved": "https://registry.npmjs.org/@tonaljs/mode/-/mode-4.8.0.tgz",
      "integrity": "sha512-hyaj2RWcnA7h6+jzc074JzE8GFFYg2FaRxXJHLBIYXXlqrLnudnSHOAfHUNRySQKEMR6h4oIerf9LW6+z9sPjQ==",
      "requires": {
        "@tonaljs/collection": "^4.8.0",
        "@tonaljs/core": "^4.8.0",
        "@tonaljs/interval": "^4.8.0",
        "@tonaljs/pcset": "^4.8.0",
        "@tonaljs/scale-type": "^4.8.0"
      }
    },
    "@tonaljs/note": {
      "version": "4.10.0",
      "resolved": "https://registry.npmjs.org/@tonaljs/note/-/note-4.10.0.tgz",
      "integrity": "sha512-jWyxk9Dom+vsucj3dWG9z4j6WhZqbY7gkKsS14fHeo7g8qUZTVZFsr8ulpHyLPXN3EhLwHDU7CxIQ1klkPE33A==",
      "requires": {
        "@tonaljs/core": "^4.9.0",
        "@tonaljs/midi": "^4.8.0"
      }
    },
    "@tonaljs/pcset": {
      "version": "4.8.1",
      "resolved": "https://registry.npmjs.org/@tonaljs/pcset/-/pcset-4.8.1.tgz",
      "integrity": "sha512-Ir+xHQHBqhSlOEeIMsPwz6A9MRdeKYajKFFwhnGLzU42HcHfe0MKyttzVO+iSIenLtiYk5TyW9ADdo6y85sJeA==",
      "requires": {
        "@tonaljs/collection": "^4.8.0",
        "@tonaljs/core": "^4.8.0"
      }
    },
    "@tonaljs/progression": {
      "version": "4.8.0",
      "resolved": "https://registry.npmjs.org/@tonaljs/progression/-/progression-4.8.0.tgz",
      "integrity": "sha512-JS5xDox5pN3rRAIIC7ACumGmSwMpIRPvQpUePTmfQS0YMjFofzXeAjH/7WZN0328VK4vk8OAWu5N18pVxqJqQw==",
      "requires": {
        "@tonaljs/chord": "^4.8.0",
        "@tonaljs/core": "^4.8.0",
        "@tonaljs/roman-numeral": "^4.8.0"
      }
    },
    "@tonaljs/range": {
      "version": "4.8.1",
      "resolved": "https://registry.npmjs.org/@tonaljs/range/-/range-4.8.1.tgz",
      "integrity": "sha512-UAyHBPh1SfqOo2w/BA6Rji3Sl1V0z/ggoE9+gS5aig13qUaVM8B3p2eanEgrxsRTN+yARPSE83CiWWbVqLKzWA==",
      "requires": {
        "@tonaljs/collection": "^4.8.0",
        "@tonaljs/midi": "^4.8.0"
      }
    },
    "@tonaljs/roman-numeral": {
      "version": "4.8.0",
      "resolved": "https://registry.npmjs.org/@tonaljs/roman-numeral/-/roman-numeral-4.8.0.tgz",
      "integrity": "sha512-jktwfGXcs4qp5A0jy5pyWxgYkeGDcaldV9tiv7XnNR5yLwDm0D6S9rRlNlSo3n0wyDo3+Kh80hd3Mps+Gsf81w==",
      "requires": {
        "@tonaljs/core": "^4.8.0"
      }
    },
    "@tonaljs/scale": {
      "version": "4.12.0",
      "resolved": "https://registry.npmjs.org/@tonaljs/scale/-/scale-4.12.0.tgz",
      "integrity": "sha512-1XxGoNqOFRgHWtpGH1Ery/AObnlnHp8+Yxe2FSE7J1BzUFej1XpJJyRvR4sOFVGr603xze+9IOXVgGTADcy/IQ==",
      "requires": {
        "@tonaljs/chord-type": "^4.8.0",
        "@tonaljs/collection": "^4.8.0",
        "@tonaljs/core": "^4.10.0",
        "@tonaljs/note": "^4.10.0",
        "@tonaljs/pcset": "^4.8.1",
        "@tonaljs/scale-type": "^4.8.1"
      }
    },
    "@tonaljs/scale-type": {
      "version": "4.8.1",
      "resolved": "https://registry.npmjs.org/@tonaljs/scale-type/-/scale-type-4.8.1.tgz",
      "integrity": "sha512-XlSCFnEmiv7olj8mQBnQOBP9l1CtKFju3BqIILvLCacc6nrWSfSOSi8Y08FujSdvnU6i2fJmK/AYqlqFNoR1rA==",
      "requires": {
        "@tonaljs/core": "^4.8.0",
        "@tonaljs/pcset": "^4.8.1"
      }
    },
    "@tonaljs/time-signature": {
      "version": "4.8.0",
      "resolved": "https://registry.npmjs.org/@tonaljs/time-signature/-/time-signature-4.8.0.tgz",
      "integrity": "sha512-ES5WoBC3aA5qQcVxh3GUc/Z1XAlnul/PCdlYrmTNAAJ4hgv4H5WHu15fWk7xRcCC6LZz6chfQNbSIXl9sNRdZQ=="
    },
    "@tonaljs/tonal": {
      "version": "4.10.0",
      "resolved": "https://registry.npmjs.org/@tonaljs/tonal/-/tonal-4.10.0.tgz",
      "integrity": "sha512-F2T9Fiy+j0MVped89kCrX1XF68mQOLUnny4pDOHrIf+OkrjtLQOzzaSOrX1tx0o72WUwQm1knz6D1d57b9X1HA==",
      "requires": {
        "@tonaljs/abc-notation": "^4.8.0",
        "@tonaljs/array": "^4.8.0",
        "@tonaljs/chord": "^4.8.0",
        "@tonaljs/chord-type": "^4.8.0",
        "@tonaljs/collection": "^4.8.0",
        "@tonaljs/core": "^4.8.0",
        "@tonaljs/duration-value": "^4.8.0",
        "@tonaljs/interval": "^4.8.0",
        "@tonaljs/key": "^4.9.0",
        "@tonaljs/midi": "^4.8.0",
        "@tonaljs/mode": "^4.8.0",
        "@tonaljs/note": "^4.9.0",
        "@tonaljs/pcset": "^4.8.0",
        "@tonaljs/progression": "^4.8.0",
        "@tonaljs/range": "^4.8.0",
        "@tonaljs/roman-numeral": "^4.8.0",
        "@tonaljs/scale": "^4.9.0",
        "@tonaljs/scale-type": "^4.8.0",
        "@tonaljs/time-signature": "^4.8.0"
      }
    },
    "@tsconfig/node10": {
      "version": "1.0.9",
      "resolved": "https://registry.npmjs.org/@tsconfig/node10/-/node10-1.0.9.tgz",
      "integrity": "sha512-jNsYVVxU8v5g43Erja32laIDHXeoNvFEpX33OK4d6hljo3jDhCBDhx5dhCCTMWUojscpAagGiRkBKxpdl9fxqA=="
    },
    "@tsconfig/node12": {
      "version": "1.0.11",
      "resolved": "https://registry.npmjs.org/@tsconfig/node12/-/node12-1.0.11.tgz",
      "integrity": "sha512-cqefuRsh12pWyGsIoBKJA9luFu3mRxCA+ORZvA4ktLSzIuCUtWVxGIuXigEwO5/ywWFMZ2QEGKWvkZG1zDMTag=="
    },
    "@tsconfig/node14": {
      "version": "1.0.3",
      "resolved": "https://registry.npmjs.org/@tsconfig/node14/-/node14-1.0.3.tgz",
      "integrity": "sha512-ysT8mhdixWK6Hw3i1V2AeRqZ5WfXg1G43mqoYlM2nc6388Fq5jcXyr5mRsqViLx/GJYdoL0bfXD8nmF+Zn/Iow=="
    },
    "@tsconfig/node16": {
      "version": "1.0.3",
      "resolved": "https://registry.npmjs.org/@tsconfig/node16/-/node16-1.0.3.tgz",
      "integrity": "sha512-yOlFc+7UtL/89t2ZhjPvvB/DeAr3r+Dq58IgzsFkOAvVC6NMJXmCGjbptdXdR9qsX7pKcTL+s87FtYREi2dEEQ=="
    },
    "@types/fs-extra": {
      "version": "11.0.1",
      "resolved": "https://registry.npmjs.org/@types/fs-extra/-/fs-extra-11.0.1.tgz",
      "integrity": "sha512-MxObHvNl4A69ofaTRU8DFqvgzzv8s9yRtaPPm5gud9HDNvpB3GPQFvNuTWAI59B9huVGV5jXYJwbCsmBsOGYWA==",
      "dev": true,
      "requires": {
        "@types/jsonfile": "*",
        "@types/node": "*"
      }
    },
    "@types/jsonfile": {
      "version": "6.1.1",
      "resolved": "https://registry.npmjs.org/@types/jsonfile/-/jsonfile-6.1.1.tgz",
      "integrity": "sha512-GSgiRCVeapDN+3pqA35IkQwasaCh/0YFH5dEF6S88iDvEn901DjOeH3/QPY+XYP1DFzDZPvIvfeEgk+7br5png==",
      "dev": true,
      "requires": {
        "@types/node": "*"
      }
    },
    "@types/node": {
      "version": "18.6.4",
      "resolved": "https://registry.npmjs.org/@types/node/-/node-18.6.4.tgz",
      "integrity": "sha512-I4BD3L+6AWiUobfxZ49DlU43gtI+FTHSv9pE2Zekg6KjMpre4ByusaljW3vYSLJrvQ1ck1hUaeVu8HVlY3vzHg=="
    },
    "acorn": {
      "version": "8.8.0",
      "resolved": "https://registry.npmjs.org/acorn/-/acorn-8.8.0.tgz",
      "integrity": "sha512-QOxyigPVrpZ2GXT+PFyZTl6TtOFc5egxHIP9IlQ+RbupQuX4RkT/Bee4/kQuC02Xkzg84JcT7oLYtDIQxp+v7w=="
    },
    "acorn-walk": {
      "version": "8.2.0",
      "resolved": "https://registry.npmjs.org/acorn-walk/-/acorn-walk-8.2.0.tgz",
      "integrity": "sha512-k+iyHEuPgSw6SbuDpGQM+06HQUa04DZ3o+F6CSzXMvvI5KMvnaEqXe+YVe555R9nn6GPt404fos4wcgpw12SDA=="
    },
    "arg": {
      "version": "4.1.3",
      "resolved": "https://registry.npmjs.org/arg/-/arg-4.1.3.tgz",
      "integrity": "sha512-58S9QDqG0Xx27YwPSt9fJxivjYl432YCwfDMfZ+71RAqUrZef7LrKQZ3LHLOwCS4FLNBplP533Zx895SeOCHvA=="
    },
    "create-require": {
      "version": "1.1.1",
      "resolved": "https://registry.npmjs.org/create-require/-/create-require-1.1.1.tgz",
      "integrity": "sha512-dcKFX3jn0MpIaXjisoRvexIJVEKzaq7z2rZKxf+MSr9TkdmHmsU4m2lcLojrj/FHl8mk5VxMmYA+ftRkP/3oKQ=="
    },
    "diff": {
      "version": "4.0.2",
      "resolved": "https://registry.npmjs.org/diff/-/diff-4.0.2.tgz",
      "integrity": "sha512-58lmxKSA4BNyLz+HHMUzlOEpg09FV+ev6ZMe3vJihgdxzgcwZ8VoEEPmALCZG9LmqfVoNMMKpttIYTVG6uDY7A=="
    },
    "fs-extra": {
      "version": "11.1.0",
      "resolved": "https://registry.npmjs.org/fs-extra/-/fs-extra-11.1.0.tgz",
      "integrity": "sha512-0rcTq621PD5jM/e0a3EJoGC/1TC5ZBCERW82LQuwfGnCa1V8w7dpYH1yNu+SLb6E5dkeCBzKEyLGlFrnr+dUyw==",
      "requires": {
        "graceful-fs": "^4.2.0",
        "jsonfile": "^6.0.1",
        "universalify": "^2.0.0"
      }
    },
    "graceful-fs": {
      "version": "4.2.10",
      "resolved": "https://registry.npmjs.org/graceful-fs/-/graceful-fs-4.2.10.tgz",
      "integrity": "sha512-9ByhssR2fPVsNZj478qUUbKfmL0+t5BDVyjShtyZZLiK7ZDAArFFfopyOTj0M05wE2tJPisA4iTnnXl2YoPvOA=="
    },
    "jsonfile": {
      "version": "6.1.0",
      "resolved": "https://registry.npmjs.org/jsonfile/-/jsonfile-6.1.0.tgz",
      "integrity": "sha512-5dgndWOriYSm5cnYaJNhalLNDKOqFwyDB/rr1E9ZsGciGvKPs8R2xYGCacuf3z6K1YKDz182fd+fY3cn3pMqXQ==",
      "requires": {
        "graceful-fs": "^4.1.6",
        "universalify": "^2.0.0"
      }
    },
    "make-error": {
      "version": "1.3.6",
      "resolved": "https://registry.npmjs.org/make-error/-/make-error-1.3.6.tgz",
      "integrity": "sha512-s8UhlNe7vPKomQhC1qFelMokr/Sc3AgNbso3n74mVPA5LTZwkB9NlXf4XPamLxJE8h0gh73rM94xvwRT2CVInw=="
    },
    "midi-writer-js": {
      "version": "2.1.4",
      "resolved": "https://registry.npmjs.org/midi-writer-js/-/midi-writer-js-2.1.4.tgz",
      "integrity": "sha512-gpc7TBg4a6XaKfdWSEbFof3eKLBiBHD4dGHF6sh/LW+5eTwTRgcu5+03eeDHa8ZSti6e5trAhT3KYbdmJ7ddJg==",
      "requires": {
        "tonal-midi": "^0.69.7"
      }
    },
    "note-parser": {
      "version": "2.0.1",
      "resolved": "https://registry.npmjs.org/note-parser/-/note-parser-2.0.1.tgz",
      "integrity": "sha512-w9o6Fv46y3NsFxeezTZSmftBtUM/ypme6iZWVrTJvvsD5RN+w0XNDePWtfreNrZFL3jSjBFhadPoXb+pJO4UdA=="
    },
    "tonal-midi": {
      "version": "0.69.7",
      "resolved": "https://registry.npmjs.org/tonal-midi/-/tonal-midi-0.69.7.tgz",
      "integrity": "sha512-AY3YIuIm54HqMxhQgYmKXjjoCN7f6Y4GsF975Ao2aM8LcvcONk8uocN4T/PQI9K6i8yTfkK8aNYNQJjU59Z7ug==",
      "requires": {
        "note-parser": "^2.0.1"
      }
    },
    "ts-node": {
      "version": "10.9.1",
      "resolved": "https://registry.npmjs.org/ts-node/-/ts-node-10.9.1.tgz",
      "integrity": "sha512-NtVysVPkxxrwFGUUxGYhfux8k78pQB3JqYBXlLRZgdGUqTO5wU/UyHop5p70iEbGhB7q5KmiZiU0Y3KlJrScEw==",
      "requires": {
        "@cspotcode/source-map-support": "^0.8.0",
        "@tsconfig/node10": "^1.0.7",
        "@tsconfig/node12": "^1.0.7",
        "@tsconfig/node14": "^1.0.0",
        "@tsconfig/node16": "^1.0.2",
        "acorn": "^8.4.1",
        "acorn-walk": "^8.1.1",
        "arg": "^4.1.0",
        "create-require": "^1.1.0",
        "diff": "^4.0.1",
        "make-error": "^1.1.1",
        "v8-compile-cache-lib": "^3.0.1",
        "yn": "3.1.1"
      }
    },
    "typescript": {
      "version": "4.9.5",
      "resolved": "https://registry.npmjs.org/typescript/-/typescript-4.9.5.tgz",
      "integrity": "sha512-1FXk9E2Hm+QzZQ7z+McJiHL4NW1F2EzMu9Nq9i3zAaGqibafqYwCVU6WyWAuyQRRzOlxou8xZSyXLEN8oKj24g=="
    },
    "universalify": {
      "version": "2.0.0",
      "resolved": "https://registry.npmjs.org/universalify/-/universalify-2.0.0.tgz",
      "integrity": "sha512-hAZsKq7Yy11Zu1DE0OzWjw7nnLZmJZYTDZZyEFHZdUhV8FkH5MCfoU1XMaxXovpyW5nq5scPqq0ZDP9Zyl04oQ=="
    },
    "v8-compile-cache-lib": {
      "version": "3.0.1",
      "resolved": "https://registry.npmjs.org/v8-compile-cache-lib/-/v8-compile-cache-lib-3.0.1.tgz",
      "integrity": "sha512-wa7YjyUGfNZngI/vtK0UHAN+lgDCxBPCylVXGp0zu59Fz5aiGtNXaq3DhIov063MorB+VfufLh3JlF2KdTK3xg=="
    },
    "yn": {
      "version": "3.1.1",
      "resolved": "https://registry.npmjs.org/yn/-/yn-3.1.1.tgz",
      "integrity": "sha512-Ux4ygGWsu2c7isFWe8Yu1YluJmqVhxqK2cLXNQA5AcC3QfbGNpM7fu0Y8b/z16pXLnFxZYvWhd3fhBY9DLmC6Q=="
    }
  }
}
