{
  "name": "midi-chords-gen",
  "version": "0.1.0",
  "lockfileVersion": 2,
  "requires": true,
  "packages": {
    "": {
      "name": "midi-chords-gen",
      "version": "0.1.0",
      "license": "MIT",
      "dependencies": {
        "@tonaljs/tonal": "^4.6.5",
        "fs-extra": "^10.1.0",
        "midi-writer-js": "^2.1.0",
        "midifile-ts": "^1.5.1",
        "ts-node": "^10.9.1"
      },
      "devDependencies": {
        "@types/fs-extra": "^9.0.13",
        "typescript": "^4.7.4"
      }
    },
    "node_modules/@cspotcode/source-map-support": {
      "version": "0.8.1",
      "resolved": "https://registry.npmjs.org/@cspotcode/source-map-support/-/source-map-support-0.8.1.tgz",
      "integrity": "sha512-IchNf6dN4tHoMFIn/7OE8LWZ19Y6q/67Bmf6vnGREv8RSbBVb9LPJxEcnwrcwX6ixSvaiGoomAUvu4YSxXrVgw==",
      "dependencies": {
        "@jridgewell/trace-mapping": "0.3.9"
      },
      "engines": {
        "node": ">=12"
      }
    },
    "node_modules/@jridgewell/resolve-uri": {
      "version": "3.1.0",
      "resolved": "https://registry.npmjs.org/@jridgewell/resolve-uri/-/resolve-uri-3.1.0.tgz",
      "integrity": "sha512-F2msla3tad+Mfht5cJq7LSXcdudKTWCVYUgw6pLFOOHSTtZlj6SWNYAp+AhuqLmWdBO2X5hPrLcu8cVP8fy28w==",
      "engines": {
        "node": ">=6.0.0"
      }
    },
    "node_modules/@jridgewell/sourcemap-codec": {
      "version": "1.4.14",
      "resolved": "https://registry.npmjs.org/@jridgewell/sourcemap-codec/-/sourcemap-codec-1.4.14.tgz",
      "integrity": "sha512-XPSJHWmi394fuUuzDnGz1wiKqWfo1yXecHQMRf2l6hztTO+nPru658AyDngaBe7isIxEkRsPR3FZh+s7iVa4Uw=="
    },
    "node_modules/@jridgewell/trace-mapping": {
      "version": "0.3.9",
      "resolved": "https://registry.npmjs.org/@jridgewell/trace-mapping/-/trace-mapping-0.3.9.tgz",
      "integrity": "sha512-3Belt6tdc8bPgAtbcmdtNJlirVoTmEb5e2gC94PnkwEW9jI6CAHUeoG85tjWP5WquqfavoMtMwiG4P926ZKKuQ==",
      "dependencies": {
        "@jridgewell/resolve-uri": "^3.0.3",
        "@jridgewell/sourcemap-codec": "^1.4.10"
      }
    },
    "node_modules/@tonaljs/abc-notation": {
      "version": "4.6.5",
      "resolved": "https://registry.npmjs.org/@tonaljs/abc-notation/-/abc-notation-4.6.5.tgz",
      "integrity": "sha512-1S0Jnx0NfDLgyhkQOMEHqOacELL6RUdPcWWUP+nAnsOsb9owvB9RKYLSzp5odd16FVUR7U8c/JLc2yxIRvSeJw==",
      "dependencies": {
        "@tonaljs/core": "^4.6.5"
      }
    },
    "node_modules/@tonaljs/array": {
      "version": "4.6.5",
      "resolved": "https://registry.npmjs.org/@tonaljs/array/-/array-4.6.5.tgz",
      "integrity": "sha512-7A3DbBQ+qIQ134FqE518b4tJ8V2a15Sn303JjHzgnqZqKrNh/s3wqwkL60F7LKcd09tcp+vIKQP/MYt4xMcRAA==",
      "dependencies": {
        "@tonaljs/core": "^4.6.5"
      }
    },
    "node_modules/@tonaljs/chord": {
      "version": "4.6.5",
      "resolved": "https://registry.npmjs.org/@tonaljs/chord/-/chord-4.6.5.tgz",
      "integrity": "sha512-Pjdel4aDVv4kcx9PW6Qozt5BB9nAt13AOExfzKztpgPmlBSy0SKHse7Jp1cA4MGAuLHU8dzVssTFYpCskEFw3w==",
      "dependencies": {
        "@tonaljs/chord-detect": "^4.6.5",
        "@tonaljs/chord-type": "^4.6.5",
        "@tonaljs/collection": "^4.6.2",
        "@tonaljs/core": "^4.6.5",
        "@tonaljs/pcset": "^4.6.5",
        "@tonaljs/scale-type": "^4.6.5"
      }
    },
    "node_modules/@tonaljs/chord-detect": {
      "version": "4.6.5",
      "resolved": "https://registry.npmjs.org/@tonaljs/chord-detect/-/chord-detect-4.6.5.tgz",
      "integrity": "sha512-4xu53UP4kNTfdTNpAAVijhXcQ+ypJqmeMnsST08ZXSjoYfJUhmf5rWDWfz36KOTtNdCA6AbYgdtTYV/Xw0nd/w==",
      "dependencies": {
        "@tonaljs/chord-type": "^4.6.5",
        "@tonaljs/core": "^4.6.5",
        "@tonaljs/pcset": "^4.6.5"
      }
    },
    "node_modules/@tonaljs/chord-type": {
      "version": "4.6.5",
      "resolved": "https://registry.npmjs.org/@tonaljs/chord-type/-/chord-type-4.6.5.tgz",
      "integrity": "sha512-Ol4DDopqpZCF9odosO2i8I+plud3Ul7VWJGNvL+PPCf4Qnwuz87q3aJQDLNoRUz4VyW0u66mq3LyVh6A8kb6Ug==",
      "dependencies": {
        "@tonaljs/core": "^4.6.5",
        "@tonaljs/pcset": "^4.6.5"
      }
    },
    "node_modules/@tonaljs/collection": {
      "version": "4.6.2",
      "resolved": "https://registry.npmjs.org/@tonaljs/collection/-/collection-4.6.2.tgz",
      "integrity": "sha512-bfPCotLJNB/tG1NrdbsQPLDKZB5jlMs7uPQ6RYKiNkaena3345ZKkbCGl5pj6YTXeDm/oblXiSbFAn7SlLRZdQ=="
    },
    "node_modules/@tonaljs/core": {
      "version": "4.6.5",
      "resolved": "https://registry.npmjs.org/@tonaljs/core/-/core-4.6.5.tgz",
      "integrity": "sha512-t7Vx0+L3j/ubQj2AhI1H45D/K745np4DwJjJjXNi5FlGD+TL2wyw50dCwkHKGHsrLDqup1qqP6yN7LBpC6UwNg=="
    },
    "node_modules/@tonaljs/duration-value": {
      "version": "4.6.2",
      "resolved": "https://registry.npmjs.org/@tonaljs/duration-value/-/duration-value-4.6.2.tgz",
      "integrity": "sha512-zrXT0L/qsDQ6251Mlqz54vcUbYUB9xb6uJhlxUzc6VauXOt8UOfrdTULubRTXTaBwWt1h8J5n9pXTQmNGzNI9A=="
    },
    "node_modules/@tonaljs/interval": {
      "version": "4.6.5",
      "resolved": "https://registry.npmjs.org/@tonaljs/interval/-/interval-4.6.5.tgz",
      "integrity": "sha512-7EDWhqZ7Nnh9oD4ahRYJHLc799ACGxYL4hDHwMKD16B2MgXqPvDeDvwQ31qUuO0ruGz8tMb3FDlgg0Hplowcbw==",
      "dependencies": {
        "@tonaljs/core": "^4.6.5"
      }
    },
    "node_modules/@tonaljs/key": {
      "version": "4.6.5",
      "resolved": "https://registry.npmjs.org/@tonaljs/key/-/key-4.6.5.tgz",
      "integrity": "sha512-ZdZWb5IStx6CLRmdEjawR66CqNpoW3EVUua2nVZBMdgnNebWxt4nvgH/ZNvGlCQGFZkUZzRhCfTwqsS6e3OmSA==",
      "dependencies": {
        "@tonaljs/core": "^4.6.5",
        "@tonaljs/note": "^4.6.5",
        "@tonaljs/roman-numeral": "^4.6.5"
      }
    },
    "node_modules/@tonaljs/midi": {
      "version": "4.6.5",
      "resolved": "https://registry.npmjs.org/@tonaljs/midi/-/midi-4.6.5.tgz",
      "integrity": "sha512-fJEZtNvV3M6yW1w+Tep60Rbv5PvuKszQcQzaJS1Loq5mHOKAzdmRfuJSpEpZBiaKEZ1WAMh1QKXYyOd+imyGQg==",
      "dependencies": {
        "@tonaljs/core": "^4.6.5"
      }
    },
    "node_modules/@tonaljs/mode": {
      "version": "4.6.5",
      "resolved": "https://registry.npmjs.org/@tonaljs/mode/-/mode-4.6.5.tgz",
      "integrity": "sha512-54iaON1rJ6q8fV5iuei8RGDxYhKBGGxZz3rjAxGSqdTUwBRVOdPqtzOkofThf9gRGYOMhzPp1BMbxbV+UCAPsA==",
      "dependencies": {
        "@tonaljs/collection": "^4.6.2",
        "@tonaljs/core": "^4.6.5",
        "@tonaljs/interval": "^4.6.5",
        "@tonaljs/pcset": "^4.6.5",
        "@tonaljs/scale-type": "^4.6.5"
      }
    },
    "node_modules/@tonaljs/note": {
      "version": "4.6.5",
      "resolved": "https://registry.npmjs.org/@tonaljs/note/-/note-4.6.5.tgz",
      "integrity": "sha512-Y0/eTzcReXzfcSLLG4k/dLLayqbvh/XYIkybG/QMDyR0BREuJq0Sw+NavbzhTtO0dadIQb/qfe0GFq4k2xS+NQ==",
      "dependencies": {
        "@tonaljs/core": "^4.6.5",
        "@tonaljs/midi": "^4.6.5"
      }
    },
    "node_modules/@tonaljs/pcset": {
      "version": "4.6.5",
      "resolved": "https://registry.npmjs.org/@tonaljs/pcset/-/pcset-4.6.5.tgz",
      "integrity": "sha512-oWAKflP3cREnUfScqsBzg2LLKNevxSnpDtrq8CPtwOAsrAa8PjQG07NQfhqIiFMjPUdgkDiER3qVA1n8dDwAJA==",
      "dependencies": {
        "@tonaljs/collection": "^4.6.2",
        "@tonaljs/core": "^4.6.5"
      }
    },
    "node_modules/@tonaljs/progression": {
      "version": "4.6.5",
      "resolved": "https://registry.npmjs.org/@tonaljs/progression/-/progression-4.6.5.tgz",
      "integrity": "sha512-ijYEgMFQG4izHYUw5cRtBRNBuoYzmpGvb/tRiykhJNI6XIjekZEMiMsOMfb1u5q+EGvnVNXRmrluMRDIz2rmRw==",
      "dependencies": {
        "@tonaljs/chord": "^4.6.5",
        "@tonaljs/core": "^4.6.5",
        "@tonaljs/roman-numeral": "^4.6.5"
      }
    },
    "node_modules/@tonaljs/range": {
      "version": "4.6.5",
      "resolved": "https://registry.npmjs.org/@tonaljs/range/-/range-4.6.5.tgz",
      "integrity": "sha512-99cOvVJ3l4X0UJuTSa6qE87JriREnnWIsi3xo1/n7RoqFxnfi8YPh4SfJJyysvHcT18X4EfcTNde9ancMBVu6A==",
      "dependencies": {
        "@tonaljs/collection": "^4.6.2",
        "@tonaljs/midi": "^4.6.5"
      }
    },
    "node_modules/@tonaljs/roman-numeral": {
      "version": "4.6.5",
      "resolved": "https://registry.npmjs.org/@tonaljs/roman-numeral/-/roman-numeral-4.6.5.tgz",
      "integrity": "sha512-bWYQNZWKmYDDcmbQQNwcWAHfTWanpzmvI0wplrMnGd4x0op5etwUEv+Yzjg0B1ef+E+zcU02Sl0WwRJhaDK3hg==",
      "dependencies": {
        "@tonaljs/core": "^4.6.5"
      }
    },
    "node_modules/@tonaljs/scale": {
      "version": "4.6.5",
      "resolved": "https://registry.npmjs.org/@tonaljs/scale/-/scale-4.6.5.tgz",
      "integrity": "sha512-isYDamelOBtcd5bEnJ8QV0Js7jKRwZ0FlFVE/+bUN3wsyo9u6KLL5gMyfH9RKdx74m8lE13JXYTXgKqe+AOa4A==",
      "dependencies": {
        "@tonaljs/chord-type": "^4.6.5",
        "@tonaljs/collection": "^4.6.2",
        "@tonaljs/core": "^4.6.5",
        "@tonaljs/note": "^4.6.5",
        "@tonaljs/pcset": "^4.6.5",
        "@tonaljs/scale-type": "^4.6.5"
      }
    },
    "node_modules/@tonaljs/scale-type": {
      "version": "4.6.5",
      "resolved": "https://registry.npmjs.org/@tonaljs/scale-type/-/scale-type-4.6.5.tgz",
      "integrity": "sha512-rwcDOYf2UifjLJhmuQ8f8bJSeOCMDQJ1lB7lzlqdFxes03OeQhdOEfrT0nPtW8BhBEvq4GMM2NA6CLxX8MTwOQ==",
      "dependencies": {
        "@tonaljs/core": "^4.6.5",
        "@tonaljs/pcset": "^4.6.5"
      }
    },
    "node_modules/@tonaljs/time-signature": {
      "version": "4.6.2",
      "resolved": "https://registry.npmjs.org/@tonaljs/time-signature/-/time-signature-4.6.2.tgz",
      "integrity": "sha512-OlZY4gdLd21WpMeAI1nS9E9zWcYU6oAzh6ptAUndqmVnFIrIWIWKCkWapdFx8dWdqrX8jqya3m4T33wmeo7w5Q=="
    },
    "node_modules/@tonaljs/tonal": {
      "version": "4.6.5",
      "resolved": "https://registry.npmjs.org/@tonaljs/tonal/-/tonal-4.6.5.tgz",
      "integrity": "sha512-lmsWinI9dy7nQyzCEgDVeVAwJtsk4ey05cJZd6oa4QVuSFD+CR8ebaEiwT4/Na+W0kHrKicT3h0uYc2PJIvx5Q==",
      "dependencies": {
        "@tonaljs/abc-notation": "^4.6.5",
        "@tonaljs/array": "^4.6.5",
        "@tonaljs/chord": "^4.6.5",
        "@tonaljs/chord-type": "^4.6.5",
        "@tonaljs/collection": "^4.6.2",
        "@tonaljs/core": "^4.6.5",
        "@tonaljs/duration-value": "^4.6.2",
        "@tonaljs/interval": "^4.6.5",
        "@tonaljs/key": "^4.6.5",
        "@tonaljs/midi": "^4.6.5",
        "@tonaljs/mode": "^4.6.5",
        "@tonaljs/note": "^4.6.5",
        "@tonaljs/pcset": "^4.6.5",
        "@tonaljs/progression": "^4.6.5",
        "@tonaljs/range": "^4.6.5",
        "@tonaljs/roman-numeral": "^4.6.5",
        "@tonaljs/scale": "^4.6.5",
        "@tonaljs/scale-type": "^4.6.5",
        "@tonaljs/time-signature": "^4.6.2"
      }
    },
    "node_modules/@tsconfig/node10": {
      "version": "1.0.9",
      "resolved": "https://registry.npmjs.org/@tsconfig/node10/-/node10-1.0.9.tgz",
      "integrity": "sha512-jNsYVVxU8v5g43Erja32laIDHXeoNvFEpX33OK4d6hljo3jDhCBDhx5dhCCTMWUojscpAagGiRkBKxpdl9fxqA=="
    },
    "node_modules/@tsconfig/node12": {
      "version": "1.0.11",
      "resolved": "https://registry.npmjs.org/@tsconfig/node12/-/node12-1.0.11.tgz",
      "integrity": "sha512-cqefuRsh12pWyGsIoBKJA9luFu3mRxCA+ORZvA4ktLSzIuCUtWVxGIuXigEwO5/ywWFMZ2QEGKWvkZG1zDMTag=="
    },
    "node_modules/@tsconfig/node14": {
      "version": "1.0.3",
      "resolved": "https://registry.npmjs.org/@tsconfig/node14/-/node14-1.0.3.tgz",
      "integrity": "sha512-ysT8mhdixWK6Hw3i1V2AeRqZ5WfXg1G43mqoYlM2nc6388Fq5jcXyr5mRsqViLx/GJYdoL0bfXD8nmF+Zn/Iow=="
    },
    "node_modules/@tsconfig/node16": {
      "version": "1.0.3",
      "resolved": "https://registry.npmjs.org/@tsconfig/node16/-/node16-1.0.3.tgz",
      "integrity": "sha512-yOlFc+7UtL/89t2ZhjPvvB/DeAr3r+Dq58IgzsFkOAvVC6NMJXmCGjbptdXdR9qsX7pKcTL+s87FtYREi2dEEQ=="
    },
    "node_modules/@types/fs-extra": {
      "version": "9.0.13",
      "resolved": "https://registry.npmjs.org/@types/fs-extra/-/fs-extra-9.0.13.tgz",
      "integrity": "sha512-nEnwB++1u5lVDM2UI4c1+5R+FYaKfaAzS4OococimjVm3nQw3TuzH5UNsocrcTBbhnerblyHj4A49qXbIiZdpA==",
      "dev": true,
      "dependencies": {
        "@types/node": "*"
      }
    },
    "node_modules/@types/node": {
      "version": "18.6.4",
      "resolved": "https://registry.npmjs.org/@types/node/-/node-18.6.4.tgz",
      "integrity": "sha512-I4BD3L+6AWiUobfxZ49DlU43gtI+FTHSv9pE2Zekg6KjMpre4ByusaljW3vYSLJrvQ1ck1hUaeVu8HVlY3vzHg=="
    },
    "node_modules/acorn": {
      "version": "8.8.0",
      "resolved": "https://registry.npmjs.org/acorn/-/acorn-8.8.0.tgz",
      "integrity": "sha512-QOxyigPVrpZ2GXT+PFyZTl6TtOFc5egxHIP9IlQ+RbupQuX4RkT/Bee4/kQuC02Xkzg84JcT7oLYtDIQxp+v7w==",
      "bin": {
        "acorn": "bin/acorn"
      },
      "engines": {
        "node": ">=0.4.0"
      }
    },
    "node_modules/acorn-walk": {
      "version": "8.2.0",
      "resolved": "https://registry.npmjs.org/acorn-walk/-/acorn-walk-8.2.0.tgz",
      "integrity": "sha512-k+iyHEuPgSw6SbuDpGQM+06HQUa04DZ3o+F6CSzXMvvI5KMvnaEqXe+YVe555R9nn6GPt404fos4wcgpw12SDA==",
      "engines": {
        "node": ">=0.4.0"
      }
    },
    "node_modules/arg": {
      "version": "4.1.3",
      "resolved": "https://registry.npmjs.org/arg/-/arg-4.1.3.tgz",
      "integrity": "sha512-58S9QDqG0Xx27YwPSt9fJxivjYl432YCwfDMfZ+71RAqUrZef7LrKQZ3LHLOwCS4FLNBplP533Zx895SeOCHvA=="
    },
    "node_modules/create-require": {
      "version": "1.1.1",
      "resolved": "https://registry.npmjs.org/create-require/-/create-require-1.1.1.tgz",
      "integrity": "sha512-dcKFX3jn0MpIaXjisoRvexIJVEKzaq7z2rZKxf+MSr9TkdmHmsU4m2lcLojrj/FHl8mk5VxMmYA+ftRkP/3oKQ=="
    },
    "node_modules/diff": {
      "version": "4.0.2",
      "resolved": "https://registry.npmjs.org/diff/-/diff-4.0.2.tgz",
      "integrity": "sha512-58lmxKSA4BNyLz+HHMUzlOEpg09FV+ev6ZMe3vJihgdxzgcwZ8VoEEPmALCZG9LmqfVoNMMKpttIYTVG6uDY7A==",
      "engines": {
        "node": ">=0.3.1"
      }
    },
    "node_modules/fs-extra": {
      "version": "10.1.0",
      "resolved": "https://registry.npmjs.org/fs-extra/-/fs-extra-10.1.0.tgz",
      "integrity": "sha512-oRXApq54ETRj4eMiFzGnHWGy+zo5raudjuxN0b8H7s/RU2oW0Wvsx9O0ACRN/kRq9E8Vu/ReskGB5o3ji+FzHQ==",
      "dependencies": {
        "graceful-fs": "^4.2.0",
        "jsonfile": "^6.0.1",
        "universalify": "^2.0.0"
      },
      "engines": {
        "node": ">=12"
      }
    },
    "node_modules/graceful-fs": {
      "version": "4.2.10",
      "resolved": "https://registry.npmjs.org/graceful-fs/-/graceful-fs-4.2.10.tgz",
      "integrity": "sha512-9ByhssR2fPVsNZj478qUUbKfmL0+t5BDVyjShtyZZLiK7ZDAArFFfopyOTj0M05wE2tJPisA4iTnnXl2YoPvOA=="
    },
    "node_modules/jsonfile": {
      "version": "6.1.0",
      "resolved": "https://registry.npmjs.org/jsonfile/-/jsonfile-6.1.0.tgz",
      "integrity": "sha512-5dgndWOriYSm5cnYaJNhalLNDKOqFwyDB/rr1E9ZsGciGvKPs8R2xYGCacuf3z6K1YKDz182fd+fY3cn3pMqXQ==",
      "dependencies": {
        "universalify": "^2.0.0"
      },
      "optionalDependencies": {
        "graceful-fs": "^4.1.6"
      }
    },
    "node_modules/make-error": {
      "version": "1.3.6",
      "resolved": "https://registry.npmjs.org/make-error/-/make-error-1.3.6.tgz",
      "integrity": "sha512-s8UhlNe7vPKomQhC1qFelMokr/Sc3AgNbso3n74mVPA5LTZwkB9NlXf4XPamLxJE8h0gh73rM94xvwRT2CVInw=="
    },
    "node_modules/midi-writer-js": {
      "version": "2.1.0",
      "resolved": "https://registry.npmjs.org/midi-writer-js/-/midi-writer-js-2.1.0.tgz",
      "integrity": "sha512-VD/n4RnGAWy1oN66AGf5zvMi4/UXxvTCJcnLLu9M5zsHTOeUybbnGli70bnawWEZUJFnGiCeTDEGzLB7bClzEg==",
      "hasInstallScript": true,
      "dependencies": {
        "tonal-midi": "^0.69.7"
      }
    },
    "node_modules/midifile-ts": {
      "version": "1.5.1",
      "resolved": "https://registry.npmjs.org/midifile-ts/-/midifile-ts-1.5.1.tgz",
      "integrity": "sha512-233Yd15Q++LdI+EbQRwxyW1QeuxTiy6ApxVXh2F1K3OruqH7uGBXiRdxiOjZjk8Y//oa3JMQ4mGVQ0Gsd/VkaQ=="
    },
    "node_modules/note-parser": {
      "version": "2.0.1",
      "resolved": "https://registry.npmjs.org/note-parser/-/note-parser-2.0.1.tgz",
      "integrity": "sha512-w9o6Fv46y3NsFxeezTZSmftBtUM/ypme6iZWVrTJvvsD5RN+w0XNDePWtfreNrZFL3jSjBFhadPoXb+pJO4UdA=="
    },
    "node_modules/tonal-midi": {
      "version": "0.69.7",
      "resolved": "https://registry.npmjs.org/tonal-midi/-/tonal-midi-0.69.7.tgz",
      "integrity": "sha512-AY3YIuIm54HqMxhQgYmKXjjoCN7f6Y4GsF975Ao2aM8LcvcONk8uocN4T/PQI9K6i8yTfkK8aNYNQJjU59Z7ug==",
      "dependencies": {
        "note-parser": "^2.0.1"
      }
    },
    "node_modules/ts-node": {
      "version": "10.9.1",
      "resolved": "https://registry.npmjs.org/ts-node/-/ts-node-10.9.1.tgz",
      "integrity": "sha512-NtVysVPkxxrwFGUUxGYhfux8k78pQB3JqYBXlLRZgdGUqTO5wU/UyHop5p70iEbGhB7q5KmiZiU0Y3KlJrScEw==",
      "dependencies": {
        "@cspotcode/source-map-support": "^0.8.0",
        "@tsconfig/node10": "^1.0.7",
        "@tsconfig/node12": "^1.0.7",
        "@tsconfig/node14": "^1.0.0",
        "@tsconfig/node16": "^1.0.2",
        "acorn": "^8.4.1",
        "acorn-walk": "^8.1.1",
        "arg": "^4.1.0",
        "create-require": "^1.1.0",
        "diff": "^4.0.1",
        "make-error": "^1.1.1",
        "v8-compile-cache-lib": "^3.0.1",
        "yn": "3.1.1"
      },
      "bin": {
        "ts-node": "dist/bin.js",
        "ts-node-cwd": "dist/bin-cwd.js",
        "ts-node-esm": "dist/bin-esm.js",
        "ts-node-script": "dist/bin-script.js",
        "ts-node-transpile-only": "dist/bin-transpile.js",
        "ts-script": "dist/bin-script-deprecated.js"
      },
      "peerDependencies": {
        "@swc/core": ">=1.2.50",
        "@swc/wasm": ">=1.2.50",
        "@types/node": "*",
        "typescript": ">=2.7"
      },
      "peerDependenciesMeta": {
        "@swc/core": {
          "optional": true
        },
        "@swc/wasm": {
          "optional": true
        }
      }
    },
    "node_modules/typescript": {
      "version": "4.7.4",
      "resolved": "https://registry.npmjs.org/typescript/-/typescript-4.7.4.tgz",
      "integrity": "sha512-C0WQT0gezHuw6AdY1M2jxUO83Rjf0HP7Sk1DtXj6j1EwkQNZrHAg2XPWlq62oqEhYvONq5pkC2Y9oPljWToLmQ==",
      "bin": {
        "tsc": "bin/tsc",
        "tsserver": "bin/tsserver"
      },
      "engines": {
        "node": ">=4.2.0"
      }
    },
    "node_modules/universalify": {
      "version": "2.0.0",
      "resolved": "https://registry.npmjs.org/universalify/-/universalify-2.0.0.tgz",
      "integrity": "sha512-hAZsKq7Yy11Zu1DE0OzWjw7nnLZmJZYTDZZyEFHZdUhV8FkH5MCfoU1XMaxXovpyW5nq5scPqq0ZDP9Zyl04oQ==",
      "engines": {
        "node": ">= 10.0.0"
      }
    },
    "node_modules/v8-compile-cache-lib": {
      "version": "3.0.1",
      "resolved": "https://registry.npmjs.org/v8-compile-cache-lib/-/v8-compile-cache-lib-3.0.1.tgz",
      "integrity": "sha512-wa7YjyUGfNZngI/vtK0UHAN+lgDCxBPCylVXGp0zu59Fz5aiGtNXaq3DhIov063MorB+VfufLh3JlF2KdTK3xg=="
    },
    "node_modules/yn": {
      "version": "3.1.1",
      "resolved": "https://registry.npmjs.org/yn/-/yn-3.1.1.tgz",
      "integrity": "sha512-Ux4ygGWsu2c7isFWe8Yu1YluJmqVhxqK2cLXNQA5AcC3QfbGNpM7fu0Y8b/z16pXLnFxZYvWhd3fhBY9DLmC6Q==",
      "engines": {
        "node": ">=6"
      }
    }
  },
  "dependencies": {
    "@cspotcode/source-map-support": {
      "version": "0.8.1",
      "resolved": "https://registry.npmjs.org/@cspotcode/source-map-support/-/source-map-support-0.8.1.tgz",
      "integrity": "sha512-IchNf6dN4tHoMFIn/7OE8LWZ19Y6q/67Bmf6vnGREv8RSbBVb9LPJxEcnwrcwX6ixSvaiGoomAUvu4YSxXrVgw==",
      "requires": {
        "@jridgewell/trace-mapping": "0.3.9"
      }
    },
    "@jridgewell/resolve-uri": {
      "version": "3.1.0",
      "resolved": "https://registry.npmjs.org/@jridgewell/resolve-uri/-/resolve-uri-3.1.0.tgz",
      "integrity": "sha512-F2msla3tad+Mfht5cJq7LSXcdudKTWCVYUgw6pLFOOHSTtZlj6SWNYAp+AhuqLmWdBO2X5hPrLcu8cVP8fy28w=="
    },
    "@jridgewell/sourcemap-codec": {
      "version": "1.4.14",
      "resolved": "https://registry.npmjs.org/@jridgewell/sourcemap-codec/-/sourcemap-codec-1.4.14.tgz",
      "integrity": "sha512-XPSJHWmi394fuUuzDnGz1wiKqWfo1yXecHQMRf2l6hztTO+nPru658AyDngaBe7isIxEkRsPR3FZh+s7iVa4Uw=="
    },
    "@jridgewell/trace-mapping": {
      "version": "0.3.9",
      "resolved": "https://registry.npmjs.org/@jridgewell/trace-mapping/-/trace-mapping-0.3.9.tgz",
      "integrity": "sha512-3Belt6tdc8bPgAtbcmdtNJlirVoTmEb5e2gC94PnkwEW9jI6CAHUeoG85tjWP5WquqfavoMtMwiG4P926ZKKuQ==",
      "requires": {
        "@jridgewell/resolve-uri": "^3.0.3",
        "@jridgewell/sourcemap-codec": "^1.4.10"
      }
    },
    "@tonaljs/abc-notation": {
      "version": "4.6.5",
      "resolved": "https://registry.npmjs.org/@tonaljs/abc-notation/-/abc-notation-4.6.5.tgz",
      "integrity": "sha512-1S0Jnx0NfDLgyhkQOMEHqOacELL6RUdPcWWUP+nAnsOsb9owvB9RKYLSzp5odd16FVUR7U8c/JLc2yxIRvSeJw==",
      "requires": {
        "@tonaljs/core": "^4.6.5"
      }
    },
    "@tonaljs/array": {
      "version": "4.6.5",
      "resolved": "https://registry.npmjs.org/@tonaljs/array/-/array-4.6.5.tgz",
      "integrity": "sha512-7A3DbBQ+qIQ134FqE518b4tJ8V2a15Sn303JjHzgnqZqKrNh/s3wqwkL60F7LKcd09tcp+vIKQP/MYt4xMcRAA==",
      "requires": {
        "@tonaljs/core": "^4.6.5"
      }
    },
    "@tonaljs/chord": {
      "version": "4.6.5",
      "resolved": "https://registry.npmjs.org/@tonaljs/chord/-/chord-4.6.5.tgz",
      "integrity": "sha512-Pjdel4aDVv4kcx9PW6Qozt5BB9nAt13AOExfzKztpgPmlBSy0SKHse7Jp1cA4MGAuLHU8dzVssTFYpCskEFw3w==",
      "requires": {
        "@tonaljs/chord-detect": "^4.6.5",
        "@tonaljs/chord-type": "^4.6.5",
        "@tonaljs/collection": "^4.6.2",
        "@tonaljs/core": "^4.6.5",
        "@tonaljs/pcset": "^4.6.5",
        "@tonaljs/scale-type": "^4.6.5"
      }
    },
    "@tonaljs/chord-detect": {
      "version": "4.6.5",
      "resolved": "https://registry.npmjs.org/@tonaljs/chord-detect/-/chord-detect-4.6.5.tgz",
      "integrity": "sha512-4xu53UP4kNTfdTNpAAVijhXcQ+ypJqmeMnsST08ZXSjoYfJUhmf5rWDWfz36KOTtNdCA6AbYgdtTYV/Xw0nd/w==",
      "requires": {
        "@tonaljs/chord-type": "^4.6.5",
        "@tonaljs/core": "^4.6.5",
        "@tonaljs/pcset": "^4.6.5"
      }
    },
    "@tonaljs/chord-type": {
      "version": "4.6.5",
      "resolved": "https://registry.npmjs.org/@tonaljs/chord-type/-/chord-type-4.6.5.tgz",
      "integrity": "sha512-Ol4DDopqpZCF9odosO2i8I+plud3Ul7VWJGNvL+PPCf4Qnwuz87q3aJQDLNoRUz4VyW0u66mq3LyVh6A8kb6Ug==",
      "requires": {
        "@tonaljs/core": "^4.6.5",
        "@tonaljs/pcset": "^4.6.5"
      }
    },
    "@tonaljs/collection": {
      "version": "4.6.2",
      "resolved": "https://registry.npmjs.org/@tonaljs/collection/-/collection-4.6.2.tgz",
      "integrity": "sha512-bfPCotLJNB/tG1NrdbsQPLDKZB5jlMs7uPQ6RYKiNkaena3345ZKkbCGl5pj6YTXeDm/oblXiSbFAn7SlLRZdQ=="
    },
    "@tonaljs/core": {
      "version": "4.6.5",
      "resolved": "https://registry.npmjs.org/@tonaljs/core/-/core-4.6.5.tgz",
      "integrity": "sha512-t7Vx0+L3j/ubQj2AhI1H45D/K745np4DwJjJjXNi5FlGD+TL2wyw50dCwkHKGHsrLDqup1qqP6yN7LBpC6UwNg=="
    },
    "@tonaljs/duration-value": {
      "version": "4.6.2",
      "resolved": "https://registry.npmjs.org/@tonaljs/duration-value/-/duration-value-4.6.2.tgz",
      "integrity": "sha512-zrXT0L/qsDQ6251Mlqz54vcUbYUB9xb6uJhlxUzc6VauXOt8UOfrdTULubRTXTaBwWt1h8J5n9pXTQmNGzNI9A=="
    },
    "@tonaljs/interval": {
      "version": "4.6.5",
      "resolved": "https://registry.npmjs.org/@tonaljs/interval/-/interval-4.6.5.tgz",
      "integrity": "sha512-7EDWhqZ7Nnh9oD4ahRYJHLc799ACGxYL4hDHwMKD16B2MgXqPvDeDvwQ31qUuO0ruGz8tMb3FDlgg0Hplowcbw==",
      "requires": {
        "@tonaljs/core": "^4.6.5"
      }
    },
    "@tonaljs/key": {
      "version": "4.6.5",
      "resolved": "https://registry.npmjs.org/@tonaljs/key/-/key-4.6.5.tgz",
      "integrity": "sha512-ZdZWb5IStx6CLRmdEjawR66CqNpoW3EVUua2nVZBMdgnNebWxt4nvgH/ZNvGlCQGFZkUZzRhCfTwqsS6e3OmSA==",
      "requires": {
        "@tonaljs/core": "^4.6.5",
        "@tonaljs/note": "^4.6.5",
        "@tonaljs/roman-numeral": "^4.6.5"
      }
    },
    "@tonaljs/midi": {
      "version": "4.6.5",
      "resolved": "https://registry.npmjs.org/@tonaljs/midi/-/midi-4.6.5.tgz",
      "integrity": "sha512-fJEZtNvV3M6yW1w+Tep60Rbv5PvuKszQcQzaJS1Loq5mHOKAzdmRfuJSpEpZBiaKEZ1WAMh1QKXYyOd+imyGQg==",
      "requires": {
        "@tonaljs/core": "^4.6.5"
      }
    },
    "@tonaljs/mode": {
      "version": "4.6.5",
      "resolved": "https://registry.npmjs.org/@tonaljs/mode/-/mode-4.6.5.tgz",
      "integrity": "sha512-54iaON1rJ6q8fV5iuei8RGDxYhKBGGxZz3rjAxGSqdTUwBRVOdPqtzOkofThf9gRGYOMhzPp1BMbxbV+UCAPsA==",
      "requires": {
        "@tonaljs/collection": "^4.6.2",
        "@tonaljs/core": "^4.6.5",
        "@tonaljs/interval": "^4.6.5",
        "@tonaljs/pcset": "^4.6.5",
        "@tonaljs/scale-type": "^4.6.5"
      }
    },
    "@tonaljs/note": {
      "version": "4.6.5",
      "resolved": "https://registry.npmjs.org/@tonaljs/note/-/note-4.6.5.tgz",
      "integrity": "sha512-Y0/eTzcReXzfcSLLG4k/dLLayqbvh/XYIkybG/QMDyR0BREuJq0Sw+NavbzhTtO0dadIQb/qfe0GFq4k2xS+NQ==",
      "requires": {
        "@tonaljs/core": "^4.6.5",
        "@tonaljs/midi": "^4.6.5"
      }
    },
    "@tonaljs/pcset": {
      "version": "4.6.5",
      "resolved": "https://registry.npmjs.org/@tonaljs/pcset/-/pcset-4.6.5.tgz",
      "integrity": "sha512-oWAKflP3cREnUfScqsBzg2LLKNevxSnpDtrq8CPtwOAsrAa8PjQG07NQfhqIiFMjPUdgkDiER3qVA1n8dDwAJA==",
      "requires": {
        "@tonaljs/collection": "^4.6.2",
        "@tonaljs/core": "^4.6.5"
      }
    },
    "@tonaljs/progression": {
      "version": "4.6.5",
      "resolved": "https://registry.npmjs.org/@tonaljs/progression/-/progression-4.6.5.tgz",
      "integrity": "sha512-ijYEgMFQG4izHYUw5cRtBRNBuoYzmpGvb/tRiykhJNI6XIjekZEMiMsOMfb1u5q+EGvnVNXRmrluMRDIz2rmRw==",
      "requires": {
        "@tonaljs/chord": "^4.6.5",
        "@tonaljs/core": "^4.6.5",
        "@tonaljs/roman-numeral": "^4.6.5"
      }
    },
    "@tonaljs/range": {
      "version": "4.6.5",
      "resolved": "https://registry.npmjs.org/@tonaljs/range/-/range-4.6.5.tgz",
      "integrity": "sha512-99cOvVJ3l4X0UJuTSa6qE87JriREnnWIsi3xo1/n7RoqFxnfi8YPh4SfJJyysvHcT18X4EfcTNde9ancMBVu6A==",
      "requires": {
        "@tonaljs/collection": "^4.6.2",
        "@tonaljs/midi": "^4.6.5"
      }
    },
    "@tonaljs/roman-numeral": {
      "version": "4.6.5",
      "resolved": "https://registry.npmjs.org/@tonaljs/roman-numeral/-/roman-numeral-4.6.5.tgz",
      "integrity": "sha512-bWYQNZWKmYDDcmbQQNwcWAHfTWanpzmvI0wplrMnGd4x0op5etwUEv+Yzjg0B1ef+E+zcU02Sl0WwRJhaDK3hg==",
      "requires": {
        "@tonaljs/core": "^4.6.5"
      }
    },
    "@tonaljs/scale": {
      "version": "4.6.5",
      "resolved": "https://registry.npmjs.org/@tonaljs/scale/-/scale-4.6.5.tgz",
      "integrity": "sha512-isYDamelOBtcd5bEnJ8QV0Js7jKRwZ0FlFVE/+bUN3wsyo9u6KLL5gMyfH9RKdx74m8lE13JXYTXgKqe+AOa4A==",
      "requires": {
        "@tonaljs/chord-type": "^4.6.5",
        "@tonaljs/collection": "^4.6.2",
        "@tonaljs/core": "^4.6.5",
        "@tonaljs/note": "^4.6.5",
        "@tonaljs/pcset": "^4.6.5",
        "@tonaljs/scale-type": "^4.6.5"
      }
    },
    "@tonaljs/scale-type": {
      "version": "4.6.5",
      "resolved": "https://registry.npmjs.org/@tonaljs/scale-type/-/scale-type-4.6.5.tgz",
      "integrity": "sha512-rwcDOYf2UifjLJhmuQ8f8bJSeOCMDQJ1lB7lzlqdFxes03OeQhdOEfrT0nPtW8BhBEvq4GMM2NA6CLxX8MTwOQ==",
      "requires": {
        "@tonaljs/core": "^4.6.5",
        "@tonaljs/pcset": "^4.6.5"
      }
    },
    "@tonaljs/time-signature": {
      "version": "4.6.2",
      "resolved": "https://registry.npmjs.org/@tonaljs/time-signature/-/time-signature-4.6.2.tgz",
      "integrity": "sha512-OlZY4gdLd21WpMeAI1nS9E9zWcYU6oAzh6ptAUndqmVnFIrIWIWKCkWapdFx8dWdqrX8jqya3m4T33wmeo7w5Q=="
    },
    "@tonaljs/tonal": {
      "version": "4.6.5",
      "resolved": "https://registry.npmjs.org/@tonaljs/tonal/-/tonal-4.6.5.tgz",
      "integrity": "sha512-lmsWinI9dy7nQyzCEgDVeVAwJtsk4ey05cJZd6oa4QVuSFD+CR8ebaEiwT4/Na+W0kHrKicT3h0uYc2PJIvx5Q==",
      "requires": {
        "@tonaljs/abc-notation": "^4.6.5",
        "@tonaljs/array": "^4.6.5",
        "@tonaljs/chord": "^4.6.5",
        "@tonaljs/chord-type": "^4.6.5",
        "@tonaljs/collection": "^4.6.2",
        "@tonaljs/core": "^4.6.5",
        "@tonaljs/duration-value": "^4.6.2",
        "@tonaljs/interval": "^4.6.5",
        "@tonaljs/key": "^4.6.5",
        "@tonaljs/midi": "^4.6.5",
        "@tonaljs/mode": "^4.6.5",
        "@tonaljs/note": "^4.6.5",
        "@tonaljs/pcset": "^4.6.5",
        "@tonaljs/progression": "^4.6.5",
        "@tonaljs/range": "^4.6.5",
        "@tonaljs/roman-numeral": "^4.6.5",
        "@tonaljs/scale": "^4.6.5",
        "@tonaljs/scale-type": "^4.6.5",
        "@tonaljs/time-signature": "^4.6.2"
      }
    },
    "@tsconfig/node10": {
      "version": "1.0.9",
      "resolved": "https://registry.npmjs.org/@tsconfig/node10/-/node10-1.0.9.tgz",
      "integrity": "sha512-jNsYVVxU8v5g43Erja32laIDHXeoNvFEpX33OK4d6hljo3jDhCBDhx5dhCCTMWUojscpAagGiRkBKxpdl9fxqA=="
    },
    "@tsconfig/node12": {
      "version": "1.0.11",
      "resolved": "https://registry.npmjs.org/@tsconfig/node12/-/node12-1.0.11.tgz",
      "integrity": "sha512-cqefuRsh12pWyGsIoBKJA9luFu3mRxCA+ORZvA4ktLSzIuCUtWVxGIuXigEwO5/ywWFMZ2QEGKWvkZG1zDMTag=="
    },
    "@tsconfig/node14": {
      "version": "1.0.3",
      "resolved": "https://registry.npmjs.org/@tsconfig/node14/-/node14-1.0.3.tgz",
      "integrity": "sha512-ysT8mhdixWK6Hw3i1V2AeRqZ5WfXg1G43mqoYlM2nc6388Fq5jcXyr5mRsqViLx/GJYdoL0bfXD8nmF+Zn/Iow=="
    },
    "@tsconfig/node16": {
      "version": "1.0.3",
      "resolved": "https://registry.npmjs.org/@tsconfig/node16/-/node16-1.0.3.tgz",
      "integrity": "sha512-yOlFc+7UtL/89t2ZhjPvvB/DeAr3r+Dq58IgzsFkOAvVC6NMJXmCGjbptdXdR9qsX7pKcTL+s87FtYREi2dEEQ=="
    },
    "@types/fs-extra": {
      "version": "9.0.13",
      "resolved": "https://registry.npmjs.org/@types/fs-extra/-/fs-extra-9.0.13.tgz",
      "integrity": "sha512-nEnwB++1u5lVDM2UI4c1+5R+FYaKfaAzS4OococimjVm3nQw3TuzH5UNsocrcTBbhnerblyHj4A49qXbIiZdpA==",
      "dev": true,
      "requires": {
        "@types/node": "*"
      }
    },
    "@types/node": {
      "version": "18.6.4",
      "resolved": "https://registry.npmjs.org/@types/node/-/node-18.6.4.tgz",
      "integrity": "sha512-I4BD3L+6AWiUobfxZ49DlU43gtI+FTHSv9pE2Zekg6KjMpre4ByusaljW3vYSLJrvQ1ck1hUaeVu8HVlY3vzHg=="
    },
    "acorn": {
      "version": "8.8.0",
      "resolved": "https://registry.npmjs.org/acorn/-/acorn-8.8.0.tgz",
      "integrity": "sha512-QOxyigPVrpZ2GXT+PFyZTl6TtOFc5egxHIP9IlQ+RbupQuX4RkT/Bee4/kQuC02Xkzg84JcT7oLYtDIQxp+v7w=="
    },
    "acorn-walk": {
      "version": "8.2.0",
      "resolved": "https://registry.npmjs.org/acorn-walk/-/acorn-walk-8.2.0.tgz",
      "integrity": "sha512-k+iyHEuPgSw6SbuDpGQM+06HQUa04DZ3o+F6CSzXMvvI5KMvnaEqXe+YVe555R9nn6GPt404fos4wcgpw12SDA=="
    },
    "arg": {
      "version": "4.1.3",
      "resolved": "https://registry.npmjs.org/arg/-/arg-4.1.3.tgz",
      "integrity": "sha512-58S9QDqG0Xx27YwPSt9fJxivjYl432YCwfDMfZ+71RAqUrZef7LrKQZ3LHLOwCS4FLNBplP533Zx895SeOCHvA=="
    },
    "create-require": {
      "version": "1.1.1",
      "resolved": "https://registry.npmjs.org/create-require/-/create-require-1.1.1.tgz",
      "integrity": "sha512-dcKFX3jn0MpIaXjisoRvexIJVEKzaq7z2rZKxf+MSr9TkdmHmsU4m2lcLojrj/FHl8mk5VxMmYA+ftRkP/3oKQ=="
    },
    "diff": {
      "version": "4.0.2",
      "resolved": "https://registry.npmjs.org/diff/-/diff-4.0.2.tgz",
      "integrity": "sha512-58lmxKSA4BNyLz+HHMUzlOEpg09FV+ev6ZMe3vJihgdxzgcwZ8VoEEPmALCZG9LmqfVoNMMKpttIYTVG6uDY7A=="
    },
    "fs-extra": {
      "version": "10.1.0",
      "resolved": "https://registry.npmjs.org/fs-extra/-/fs-extra-10.1.0.tgz",
      "integrity": "sha512-oRXApq54ETRj4eMiFzGnHWGy+zo5raudjuxN0b8H7s/RU2oW0Wvsx9O0ACRN/kRq9E8Vu/ReskGB5o3ji+FzHQ==",
      "requires": {
        "graceful-fs": "^4.2.0",
        "jsonfile": "^6.0.1",
        "universalify": "^2.0.0"
      }
    },
    "graceful-fs": {
      "version": "4.2.10",
      "resolved": "https://registry.npmjs.org/graceful-fs/-/graceful-fs-4.2.10.tgz",
      "integrity": "sha512-9ByhssR2fPVsNZj478qUUbKfmL0+t5BDVyjShtyZZLiK7ZDAArFFfopyOTj0M05wE2tJPisA4iTnnXl2YoPvOA=="
    },
    "jsonfile": {
      "version": "6.1.0",
      "resolved": "https://registry.npmjs.org/jsonfile/-/jsonfile-6.1.0.tgz",
      "integrity": "sha512-5dgndWOriYSm5cnYaJNhalLNDKOqFwyDB/rr1E9ZsGciGvKPs8R2xYGCacuf3z6K1YKDz182fd+fY3cn3pMqXQ==",
      "requires": {
        "graceful-fs": "^4.1.6",
        "universalify": "^2.0.0"
      }
    },
    "make-error": {
      "version": "1.3.6",
      "resolved": "https://registry.npmjs.org/make-error/-/make-error-1.3.6.tgz",
      "integrity": "sha512-s8UhlNe7vPKomQhC1qFelMokr/Sc3AgNbso3n74mVPA5LTZwkB9NlXf4XPamLxJE8h0gh73rM94xvwRT2CVInw=="
    },
    "midi-writer-js": {
      "version": "2.1.0",
      "resolved": "https://registry.npmjs.org/midi-writer-js/-/midi-writer-js-2.1.0.tgz",
      "integrity": "sha512-VD/n4RnGAWy1oN66AGf5zvMi4/UXxvTCJcnLLu9M5zsHTOeUybbnGli70bnawWEZUJFnGiCeTDEGzLB7bClzEg==",
      "requires": {
        "tonal-midi": "^0.69.7"
      }
    },
    "midifile-ts": {
      "version": "1.5.1",
      "resolved": "https://registry.npmjs.org/midifile-ts/-/midifile-ts-1.5.1.tgz",
      "integrity": "sha512-233Yd15Q++LdI+EbQRwxyW1QeuxTiy6ApxVXh2F1K3OruqH7uGBXiRdxiOjZjk8Y//oa3JMQ4mGVQ0Gsd/VkaQ=="
    },
    "note-parser": {
      "version": "2.0.1",
      "resolved": "https://registry.npmjs.org/note-parser/-/note-parser-2.0.1.tgz",
      "integrity": "sha512-w9o6Fv46y3NsFxeezTZSmftBtUM/ypme6iZWVrTJvvsD5RN+w0XNDePWtfreNrZFL3jSjBFhadPoXb+pJO4UdA=="
    },
    "tonal-midi": {
      "version": "0.69.7",
      "resolved": "https://registry.npmjs.org/tonal-midi/-/tonal-midi-0.69.7.tgz",
      "integrity": "sha512-AY3YIuIm54HqMxhQgYmKXjjoCN7f6Y4GsF975Ao2aM8LcvcONk8uocN4T/PQI9K6i8yTfkK8aNYNQJjU59Z7ug==",
      "requires": {
        "note-parser": "^2.0.1"
      }
    },
    "ts-node": {
      "version": "10.9.1",
      "resolved": "https://registry.npmjs.org/ts-node/-/ts-node-10.9.1.tgz",
      "integrity": "sha512-NtVysVPkxxrwFGUUxGYhfux8k78pQB3JqYBXlLRZgdGUqTO5wU/UyHop5p70iEbGhB7q5KmiZiU0Y3KlJrScEw==",
      "requires": {
        "@cspotcode/source-map-support": "^0.8.0",
        "@tsconfig/node10": "^1.0.7",
        "@tsconfig/node12": "^1.0.7",
        "@tsconfig/node14": "^1.0.0",
        "@tsconfig/node16": "^1.0.2",
        "acorn": "^8.4.1",
        "acorn-walk": "^8.1.1",
        "arg": "^4.1.0",
        "create-require": "^1.1.0",
        "diff": "^4.0.1",
        "make-error": "^1.1.1",
        "v8-compile-cache-lib": "^3.0.1",
        "yn": "3.1.1"
      }
    },
    "typescript": {
      "version": "4.7.4",
      "resolved": "https://registry.npmjs.org/typescript/-/typescript-4.7.4.tgz",
      "integrity": "sha512-C0WQT0gezHuw6AdY1M2jxUO83Rjf0HP7Sk1DtXj6j1EwkQNZrHAg2XPWlq62oqEhYvONq5pkC2Y9oPljWToLmQ=="
    },
    "universalify": {
      "version": "2.0.0",
      "resolved": "https://registry.npmjs.org/universalify/-/universalify-2.0.0.tgz",
      "integrity": "sha512-hAZsKq7Yy11Zu1DE0OzWjw7nnLZmJZYTDZZyEFHZdUhV8FkH5MCfoU1XMaxXovpyW5nq5scPqq0ZDP9Zyl04oQ=="
    },
    "v8-compile-cache-lib": {
      "version": "3.0.1",
      "resolved": "https://registry.npmjs.org/v8-compile-cache-lib/-/v8-compile-cache-lib-3.0.1.tgz",
      "integrity": "sha512-wa7YjyUGfNZngI/vtK0UHAN+lgDCxBPCylVXGp0zu59Fz5aiGtNXaq3DhIov063MorB+VfufLh3JlF2KdTK3xg=="
    },
    "yn": {
      "version": "3.1.1",
      "resolved": "https://registry.npmjs.org/yn/-/yn-3.1.1.tgz",
      "integrity": "sha512-Ux4ygGWsu2c7isFWe8Yu1YluJmqVhxqK2cLXNQA5AcC3QfbGNpM7fu0Y8b/z16pXLnFxZYvWhd3fhBY9DLmC6Q=="
    }
  }
}
